// !$*UTF8*$!
{
	archiveVersion = 1;
	classes = {
	};
	objectVersion = 46;
	objects = {

/* Begin PBXBuildFile section */
		2779AAF61517A8B200AE4EE6 /* UIKit.framework in Frameworks */ = {isa = PBXBuildFile; fileRef = 2779AAF51517A8B200AE4EE6 /* UIKit.framework */; };
		2779AAF81517A8B200AE4EE6 /* Foundation.framework in Frameworks */ = {isa = PBXBuildFile; fileRef = 2779AAF71517A8B200AE4EE6 /* Foundation.framework */; };
		2779AAFA1517A8B200AE4EE6 /* CoreGraphics.framework in Frameworks */ = {isa = PBXBuildFile; fileRef = 2779AAF91517A8B200AE4EE6 /* CoreGraphics.framework */; };
		2779AB001517A8B200AE4EE6 /* InfoPlist.strings in Resources */ = {isa = PBXBuildFile; fileRef = 2779AAFE1517A8B200AE4EE6 /* InfoPlist.strings */; };
		2779AB021517A8B200AE4EE6 /* main.m in Sources */ = {isa = PBXBuildFile; fileRef = 2779AB011517A8B200AE4EE6 /* main.m */; };
		2779AB061517A8B200AE4EE6 /* IAAppDelegate.m in Sources */ = {isa = PBXBuildFile; fileRef = 2779AB051517A8B200AE4EE6 /* IAAppDelegate.m */; };
		2779AB091517A8B200AE4EE6 /* MainStoryboard_iPhone.storyboard in Resources */ = {isa = PBXBuildFile; fileRef = 2779AB071517A8B200AE4EE6 /* MainStoryboard_iPhone.storyboard */; };
		2779AB0C1517A8B200AE4EE6 /* MainStoryboard_iPad.storyboard in Resources */ = {isa = PBXBuildFile; fileRef = 2779AB0A1517A8B200AE4EE6 /* MainStoryboard_iPad.storyboard */; };
		2779AB0F1517A8B200AE4EE6 /* IAViewController.m in Sources */ = {isa = PBXBuildFile; fileRef = 2779AB0E1517A8B200AE4EE6 /* IAViewController.m */; };
		2779AB171517A8B200AE4EE6 /* SenTestingKit.framework in Frameworks */ = {isa = PBXBuildFile; fileRef = 2779AB161517A8B200AE4EE6 /* SenTestingKit.framework */; };
		2779AB181517A8B200AE4EE6 /* UIKit.framework in Frameworks */ = {isa = PBXBuildFile; fileRef = 2779AAF51517A8B200AE4EE6 /* UIKit.framework */; };
		2779AB191517A8B200AE4EE6 /* Foundation.framework in Frameworks */ = {isa = PBXBuildFile; fileRef = 2779AAF71517A8B200AE4EE6 /* Foundation.framework */; };
		2779AB211517A8B200AE4EE6 /* InfoPlist.strings in Resources */ = {isa = PBXBuildFile; fileRef = 2779AB1F1517A8B200AE4EE6 /* InfoPlist.strings */; };
		2779AB241517A8B200AE4EE6 /* InteractTests.m in Sources */ = {isa = PBXBuildFile; fileRef = 2779AB231517A8B200AE4EE6 /* InteractTests.m */; };
		2779AB3E1517A99D00AE4EE6 /* GCDAsyncSocket.m in Sources */ = {isa = PBXBuildFile; fileRef = 2779AB301517A99D00AE4EE6 /* GCDAsyncSocket.m */; settings = {COMPILER_FLAGS = "-fno-objc-arc"; }; };
		2779AB401517A99D00AE4EE6 /* DDAbstractDatabaseLogger.m in Sources */ = {isa = PBXBuildFile; fileRef = 2779AB341517A99D00AE4EE6 /* DDAbstractDatabaseLogger.m */; settings = {COMPILER_FLAGS = "-fno-objc-arc"; }; };
		2779AB411517A99D00AE4EE6 /* DDASLLogger.m in Sources */ = {isa = PBXBuildFile; fileRef = 2779AB361517A99D00AE4EE6 /* DDASLLogger.m */; settings = {COMPILER_FLAGS = "-fno-objc-arc"; }; };
		2779AB421517A99D00AE4EE6 /* DDFileLogger.m in Sources */ = {isa = PBXBuildFile; fileRef = 2779AB381517A99D00AE4EE6 /* DDFileLogger.m */; settings = {COMPILER_FLAGS = "-fno-objc-arc"; }; };
		2779AB431517A99D00AE4EE6 /* DDLog.m in Sources */ = {isa = PBXBuildFile; fileRef = 2779AB3A1517A99D00AE4EE6 /* DDLog.m */; settings = {COMPILER_FLAGS = "-fno-objc-arc"; }; };
		2779AB441517A99D00AE4EE6 /* DDTTYLogger.m in Sources */ = {isa = PBXBuildFile; fileRef = 2779AB3C1517A99D00AE4EE6 /* DDTTYLogger.m */; settings = {COMPILER_FLAGS = "-fno-objc-arc"; }; };
		2779AB641517A9A300AE4EE6 /* DDData.m in Sources */ = {isa = PBXBuildFile; fileRef = 2779AB481517A9A300AE4EE6 /* DDData.m */; settings = {COMPILER_FLAGS = "-fno-objc-arc"; }; };
		2779AB651517A9A300AE4EE6 /* DDNumber.m in Sources */ = {isa = PBXBuildFile; fileRef = 2779AB4A1517A9A300AE4EE6 /* DDNumber.m */; };
		2779AB661517A9A300AE4EE6 /* DDRange.m in Sources */ = {isa = PBXBuildFile; fileRef = 2779AB4C1517A9A300AE4EE6 /* DDRange.m */; };
		2779AB671517A9A300AE4EE6 /* HTTPAuthenticationRequest.m in Sources */ = {isa = PBXBuildFile; fileRef = 2779AB4E1517A9A300AE4EE6 /* HTTPAuthenticationRequest.m */; settings = {COMPILER_FLAGS = "-fno-objc-arc"; }; };
		2779AB681517A9A300AE4EE6 /* HTTPConnection.m in Sources */ = {isa = PBXBuildFile; fileRef = 2779AB501517A9A300AE4EE6 /* HTTPConnection.m */; settings = {COMPILER_FLAGS = "-fno-objc-arc"; }; };
		2779AB691517A9A300AE4EE6 /* HTTPMessage.m in Sources */ = {isa = PBXBuildFile; fileRef = 2779AB531517A9A300AE4EE6 /* HTTPMessage.m */; settings = {COMPILER_FLAGS = "-fno-objc-arc"; }; };
		2779AB6A1517A9A300AE4EE6 /* HTTPServer.m in Sources */ = {isa = PBXBuildFile; fileRef = 2779AB561517A9A300AE4EE6 /* HTTPServer.m */; settings = {COMPILER_FLAGS = "-fno-objc-arc"; }; };
		2779AB6B1517A9A300AE4EE6 /* HTTPAsyncFileResponse.m in Sources */ = {isa = PBXBuildFile; fileRef = 2779AB591517A9A300AE4EE6 /* HTTPAsyncFileResponse.m */; settings = {COMPILER_FLAGS = "-fno-objc-arc"; }; };
		2779AB6C1517A9A300AE4EE6 /* HTTPDataResponse.m in Sources */ = {isa = PBXBuildFile; fileRef = 2779AB5B1517A9A300AE4EE6 /* HTTPDataResponse.m */; settings = {COMPILER_FLAGS = "-fno-objc-arc"; }; };
		2779AB6D1517A9A300AE4EE6 /* HTTPDynamicFileResponse.m in Sources */ = {isa = PBXBuildFile; fileRef = 2779AB5D1517A9A300AE4EE6 /* HTTPDynamicFileResponse.m */; settings = {COMPILER_FLAGS = "-fno-objc-arc"; }; };
		2779AB6E1517A9A300AE4EE6 /* HTTPFileResponse.m in Sources */ = {isa = PBXBuildFile; fileRef = 2779AB5F1517A9A300AE4EE6 /* HTTPFileResponse.m */; settings = {COMPILER_FLAGS = "-fno-objc-arc"; }; };
		2779AB6F1517A9A300AE4EE6 /* HTTPRedirectResponse.m in Sources */ = {isa = PBXBuildFile; fileRef = 2779AB611517A9A300AE4EE6 /* HTTPRedirectResponse.m */; settings = {COMPILER_FLAGS = "-fno-objc-arc"; }; };
		2779AB701517A9A300AE4EE6 /* WebSocket.m in Sources */ = {isa = PBXBuildFile; fileRef = 2779AB631517A9A300AE4EE6 /* WebSocket.m */; settings = {COMPILER_FLAGS = "-fno-objc-arc"; }; };
		2779AB721517A9AE00AE4EE6 /* CFNetwork.framework in Frameworks */ = {isa = PBXBuildFile; fileRef = 2779AB711517A9AE00AE4EE6 /* CFNetwork.framework */; };
		2779AB801517A9F700AE4EE6 /* HTTPResponseProxy.m in Sources */ = {isa = PBXBuildFile; fileRef = 2779AB751517A9F700AE4EE6 /* HTTPResponseProxy.m */; settings = {COMPILER_FLAGS = "-fno-objc-arc"; }; };
		2779AB811517A9F700AE4EE6 /* Route.m in Sources */ = {isa = PBXBuildFile; fileRef = 2779AB771517A9F700AE4EE6 /* Route.m */; settings = {COMPILER_FLAGS = "-fno-objc-arc"; }; };
		2779AB821517A9F700AE4EE6 /* RouteRequest.m in Sources */ = {isa = PBXBuildFile; fileRef = 2779AB791517A9F700AE4EE6 /* RouteRequest.m */; settings = {COMPILER_FLAGS = "-fno-objc-arc"; }; };
		2779AB831517A9F700AE4EE6 /* RouteResponse.m in Sources */ = {isa = PBXBuildFile; fileRef = 2779AB7B1517A9F700AE4EE6 /* RouteResponse.m */; settings = {COMPILER_FLAGS = "-fno-objc-arc"; }; };
		2779AB841517A9F700AE4EE6 /* RoutingConnection.m in Sources */ = {isa = PBXBuildFile; fileRef = 2779AB7D1517A9F700AE4EE6 /* RoutingConnection.m */; settings = {COMPILER_FLAGS = "-fno-objc-arc"; }; };
		2779AB851517A9F700AE4EE6 /* RoutingHTTPServer.m in Sources */ = {isa = PBXBuildFile; fileRef = 2779AB7F1517A9F700AE4EE6 /* RoutingHTTPServer.m */; settings = {COMPILER_FLAGS = "-fno-objc-arc"; }; };
		2779AB9A1517ACD100AE4EE6 /* libRestKit.a in Frameworks */ = {isa = PBXBuildFile; fileRef = 2779AB911517AC7200AE4EE6 /* libRestKit.a */; };
		2779AB9C1517ACDE00AE4EE6 /* libxml2.dylib in Frameworks */ = {isa = PBXBuildFile; fileRef = 2779AB9B1517ACDE00AE4EE6 /* libxml2.dylib */; };
		2779AB9E1517ACE400AE4EE6 /* CoreData.framework in Frameworks */ = {isa = PBXBuildFile; fileRef = 2779AB9D1517ACE400AE4EE6 /* CoreData.framework */; };
/* End PBXBuildFile section */

/* Begin PBXContainerItemProxy section */
		2779AB1A1517A8B200AE4EE6 /* PBXContainerItemProxy */ = {
			isa = PBXContainerItemProxy;
			containerPortal = 2779AAE81517A8B200AE4EE6 /* Project object */;
			proxyType = 1;
			remoteGlobalIDString = 2779AAF01517A8B200AE4EE6;
			remoteInfo = Interact;
		};
		2779AB901517AC7200AE4EE6 /* PBXContainerItemProxy */ = {
			isa = PBXContainerItemProxy;
			containerPortal = 2779AB861517AC7100AE4EE6 /* RestKit.xcodeproj */;
			proxyType = 2;
			remoteGlobalIDString = 25160D1614564E810060A5C5;
			remoteInfo = RestKit;
		};
		2779AB921517AC7200AE4EE6 /* PBXContainerItemProxy */ = {
			isa = PBXContainerItemProxy;
			containerPortal = 2779AB861517AC7100AE4EE6 /* RestKit.xcodeproj */;
			proxyType = 2;
			remoteGlobalIDString = 25160D2614564E820060A5C5;
			remoteInfo = RestKitTests;
		};
		2779AB941517AC7200AE4EE6 /* PBXContainerItemProxy */ = {
			isa = PBXContainerItemProxy;
			containerPortal = 2779AB861517AC7100AE4EE6 /* RestKit.xcodeproj */;
			proxyType = 2;
			remoteGlobalIDString = 25160E62145651060060A5C5;
			remoteInfo = RestKitFramework;
		};
		2779AB961517AC7200AE4EE6 /* PBXContainerItemProxy */ = {
			isa = PBXContainerItemProxy;
			containerPortal = 2779AB861517AC7100AE4EE6 /* RestKit.xcodeproj */;
			proxyType = 2;
			remoteGlobalIDString = 25160E78145651060060A5C5;
			remoteInfo = RestKitFrameworkTests;
		};
		2779AB981517ACC900AE4EE6 /* PBXContainerItemProxy */ = {
			isa = PBXContainerItemProxy;
			containerPortal = 2779AB861517AC7100AE4EE6 /* RestKit.xcodeproj */;
			proxyType = 1;
			remoteGlobalIDString = 25160D1514564E810060A5C5;
			remoteInfo = RestKit;
		};
/* End PBXContainerItemProxy section */

/* Begin PBXFileReference section */
		2779AAF11517A8B200AE4EE6 /* Interact.app */ = {isa = PBXFileReference; explicitFileType = wrapper.application; includeInIndex = 0; path = Interact.app; sourceTree = BUILT_PRODUCTS_DIR; };
		2779AAF51517A8B200AE4EE6 /* UIKit.framework */ = {isa = PBXFileReference; lastKnownFileType = wrapper.framework; name = UIKit.framework; path = System/Library/Frameworks/UIKit.framework; sourceTree = SDKROOT; };
		2779AAF71517A8B200AE4EE6 /* Foundation.framework */ = {isa = PBXFileReference; lastKnownFileType = wrapper.framework; name = Foundation.framework; path = System/Library/Frameworks/Foundation.framework; sourceTree = SDKROOT; };
		2779AAF91517A8B200AE4EE6 /* CoreGraphics.framework */ = {isa = PBXFileReference; lastKnownFileType = wrapper.framework; name = CoreGraphics.framework; path = System/Library/Frameworks/CoreGraphics.framework; sourceTree = SDKROOT; };
		2779AAFD1517A8B200AE4EE6 /* Interact-Info.plist */ = {isa = PBXFileReference; lastKnownFileType = text.plist.xml; path = "Interact-Info.plist"; sourceTree = "<group>"; };
		2779AAFF1517A8B200AE4EE6 /* en */ = {isa = PBXFileReference; lastKnownFileType = text.plist.strings; name = en; path = en.lproj/InfoPlist.strings; sourceTree = "<group>"; };
		2779AB011517A8B200AE4EE6 /* main.m */ = {isa = PBXFileReference; lastKnownFileType = sourcecode.c.objc; path = main.m; sourceTree = "<group>"; };
		2779AB031517A8B200AE4EE6 /* Interact-Prefix.pch */ = {isa = PBXFileReference; lastKnownFileType = sourcecode.c.h; path = "Interact-Prefix.pch"; sourceTree = "<group>"; };
		2779AB041517A8B200AE4EE6 /* IAAppDelegate.h */ = {isa = PBXFileReference; lastKnownFileType = sourcecode.c.h; path = IAAppDelegate.h; sourceTree = "<group>"; };
		2779AB051517A8B200AE4EE6 /* IAAppDelegate.m */ = {isa = PBXFileReference; lastKnownFileType = sourcecode.c.objc; path = IAAppDelegate.m; sourceTree = "<group>"; };
		2779AB081517A8B200AE4EE6 /* en */ = {isa = PBXFileReference; lastKnownFileType = file.storyboard; name = en; path = en.lproj/MainStoryboard_iPhone.storyboard; sourceTree = "<group>"; };
		2779AB0B1517A8B200AE4EE6 /* en */ = {isa = PBXFileReference; lastKnownFileType = file.storyboard; name = en; path = en.lproj/MainStoryboard_iPad.storyboard; sourceTree = "<group>"; };
		2779AB0D1517A8B200AE4EE6 /* IAViewController.h */ = {isa = PBXFileReference; lastKnownFileType = sourcecode.c.h; path = IAViewController.h; sourceTree = "<group>"; };
		2779AB0E1517A8B200AE4EE6 /* IAViewController.m */ = {isa = PBXFileReference; lastKnownFileType = sourcecode.c.objc; path = IAViewController.m; sourceTree = "<group>"; };
		2779AB151517A8B200AE4EE6 /* InteractTests.octest */ = {isa = PBXFileReference; explicitFileType = wrapper.cfbundle; includeInIndex = 0; path = InteractTests.octest; sourceTree = BUILT_PRODUCTS_DIR; };
		2779AB161517A8B200AE4EE6 /* SenTestingKit.framework */ = {isa = PBXFileReference; lastKnownFileType = wrapper.framework; name = SenTestingKit.framework; path = Library/Frameworks/SenTestingKit.framework; sourceTree = DEVELOPER_DIR; };
		2779AB1E1517A8B200AE4EE6 /* InteractTests-Info.plist */ = {isa = PBXFileReference; lastKnownFileType = text.plist.xml; path = "InteractTests-Info.plist"; sourceTree = "<group>"; };
		2779AB201517A8B200AE4EE6 /* en */ = {isa = PBXFileReference; lastKnownFileType = text.plist.strings; name = en; path = en.lproj/InfoPlist.strings; sourceTree = "<group>"; };
		2779AB221517A8B200AE4EE6 /* InteractTests.h */ = {isa = PBXFileReference; lastKnownFileType = sourcecode.c.h; path = InteractTests.h; sourceTree = "<group>"; };
		2779AB231517A8B200AE4EE6 /* InteractTests.m */ = {isa = PBXFileReference; lastKnownFileType = sourcecode.c.objc; path = InteractTests.m; sourceTree = "<group>"; };
		2779AB2E1517A99D00AE4EE6 /* About.txt */ = {isa = PBXFileReference; fileEncoding = 4; lastKnownFileType = text; path = About.txt; sourceTree = "<group>"; };
		2779AB2F1517A99D00AE4EE6 /* GCDAsyncSocket.h */ = {isa = PBXFileReference; fileEncoding = 4; lastKnownFileType = sourcecode.c.h; path = GCDAsyncSocket.h; sourceTree = "<group>"; };
		2779AB301517A99D00AE4EE6 /* GCDAsyncSocket.m */ = {isa = PBXFileReference; fileEncoding = 4; lastKnownFileType = sourcecode.c.objc; path = GCDAsyncSocket.m; sourceTree = "<group>"; };
		2779AB321517A99D00AE4EE6 /* About.txt */ = {isa = PBXFileReference; fileEncoding = 4; lastKnownFileType = text; path = About.txt; sourceTree = "<group>"; };
		2779AB331517A99D00AE4EE6 /* DDAbstractDatabaseLogger.h */ = {isa = PBXFileReference; fileEncoding = 4; lastKnownFileType = sourcecode.c.h; path = DDAbstractDatabaseLogger.h; sourceTree = "<group>"; };
		2779AB341517A99D00AE4EE6 /* DDAbstractDatabaseLogger.m */ = {isa = PBXFileReference; fileEncoding = 4; lastKnownFileType = sourcecode.c.objc; path = DDAbstractDatabaseLogger.m; sourceTree = "<group>"; };
		2779AB351517A99D00AE4EE6 /* DDASLLogger.h */ = {isa = PBXFileReference; fileEncoding = 4; lastKnownFileType = sourcecode.c.h; path = DDASLLogger.h; sourceTree = "<group>"; };
		2779AB361517A99D00AE4EE6 /* DDASLLogger.m */ = {isa = PBXFileReference; fileEncoding = 4; lastKnownFileType = sourcecode.c.objc; path = DDASLLogger.m; sourceTree = "<group>"; };
		2779AB371517A99D00AE4EE6 /* DDFileLogger.h */ = {isa = PBXFileReference; fileEncoding = 4; lastKnownFileType = sourcecode.c.h; path = DDFileLogger.h; sourceTree = "<group>"; };
		2779AB381517A99D00AE4EE6 /* DDFileLogger.m */ = {isa = PBXFileReference; fileEncoding = 4; lastKnownFileType = sourcecode.c.objc; path = DDFileLogger.m; sourceTree = "<group>"; };
		2779AB391517A99D00AE4EE6 /* DDLog.h */ = {isa = PBXFileReference; fileEncoding = 4; lastKnownFileType = sourcecode.c.h; path = DDLog.h; sourceTree = "<group>"; };
		2779AB3A1517A99D00AE4EE6 /* DDLog.m */ = {isa = PBXFileReference; fileEncoding = 4; lastKnownFileType = sourcecode.c.objc; path = DDLog.m; sourceTree = "<group>"; };
		2779AB3B1517A99D00AE4EE6 /* DDTTYLogger.h */ = {isa = PBXFileReference; fileEncoding = 4; lastKnownFileType = sourcecode.c.h; path = DDTTYLogger.h; sourceTree = "<group>"; };
		2779AB3C1517A99D00AE4EE6 /* DDTTYLogger.m */ = {isa = PBXFileReference; fileEncoding = 4; lastKnownFileType = sourcecode.c.objc; path = DDTTYLogger.m; sourceTree = "<group>"; };
		2779AB471517A9A300AE4EE6 /* DDData.h */ = {isa = PBXFileReference; fileEncoding = 4; lastKnownFileType = sourcecode.c.h; path = DDData.h; sourceTree = "<group>"; };
		2779AB481517A9A300AE4EE6 /* DDData.m */ = {isa = PBXFileReference; fileEncoding = 4; lastKnownFileType = sourcecode.c.objc; path = DDData.m; sourceTree = "<group>"; };
		2779AB491517A9A300AE4EE6 /* DDNumber.h */ = {isa = PBXFileReference; fileEncoding = 4; lastKnownFileType = sourcecode.c.h; path = DDNumber.h; sourceTree = "<group>"; };
		2779AB4A1517A9A300AE4EE6 /* DDNumber.m */ = {isa = PBXFileReference; fileEncoding = 4; lastKnownFileType = sourcecode.c.objc; path = DDNumber.m; sourceTree = "<group>"; };
		2779AB4B1517A9A300AE4EE6 /* DDRange.h */ = {isa = PBXFileReference; fileEncoding = 4; lastKnownFileType = sourcecode.c.h; path = DDRange.h; sourceTree = "<group>"; };
		2779AB4C1517A9A300AE4EE6 /* DDRange.m */ = {isa = PBXFileReference; fileEncoding = 4; lastKnownFileType = sourcecode.c.objc; path = DDRange.m; sourceTree = "<group>"; };
		2779AB4D1517A9A300AE4EE6 /* HTTPAuthenticationRequest.h */ = {isa = PBXFileReference; fileEncoding = 4; lastKnownFileType = sourcecode.c.h; path = HTTPAuthenticationRequest.h; sourceTree = "<group>"; };
		2779AB4E1517A9A300AE4EE6 /* HTTPAuthenticationRequest.m */ = {isa = PBXFileReference; fileEncoding = 4; lastKnownFileType = sourcecode.c.objc; path = HTTPAuthenticationRequest.m; sourceTree = "<group>"; };
		2779AB4F1517A9A300AE4EE6 /* HTTPConnection.h */ = {isa = PBXFileReference; fileEncoding = 4; lastKnownFileType = sourcecode.c.h; path = HTTPConnection.h; sourceTree = "<group>"; };
		2779AB501517A9A300AE4EE6 /* HTTPConnection.m */ = {isa = PBXFileReference; fileEncoding = 4; lastKnownFileType = sourcecode.c.objc; path = HTTPConnection.m; sourceTree = "<group>"; };
		2779AB511517A9A300AE4EE6 /* HTTPLogging.h */ = {isa = PBXFileReference; fileEncoding = 4; lastKnownFileType = sourcecode.c.h; path = HTTPLogging.h; sourceTree = "<group>"; };
		2779AB521517A9A300AE4EE6 /* HTTPMessage.h */ = {isa = PBXFileReference; fileEncoding = 4; lastKnownFileType = sourcecode.c.h; path = HTTPMessage.h; sourceTree = "<group>"; };
		2779AB531517A9A300AE4EE6 /* HTTPMessage.m */ = {isa = PBXFileReference; fileEncoding = 4; lastKnownFileType = sourcecode.c.objc; path = HTTPMessage.m; sourceTree = "<group>"; };
		2779AB541517A9A300AE4EE6 /* HTTPResponse.h */ = {isa = PBXFileReference; fileEncoding = 4; lastKnownFileType = sourcecode.c.h; path = HTTPResponse.h; sourceTree = "<group>"; };
		2779AB551517A9A300AE4EE6 /* HTTPServer.h */ = {isa = PBXFileReference; fileEncoding = 4; lastKnownFileType = sourcecode.c.h; path = HTTPServer.h; sourceTree = "<group>"; };
		2779AB561517A9A300AE4EE6 /* HTTPServer.m */ = {isa = PBXFileReference; fileEncoding = 4; lastKnownFileType = sourcecode.c.objc; path = HTTPServer.m; sourceTree = "<group>"; };
		2779AB581517A9A300AE4EE6 /* HTTPAsyncFileResponse.h */ = {isa = PBXFileReference; fileEncoding = 4; lastKnownFileType = sourcecode.c.h; path = HTTPAsyncFileResponse.h; sourceTree = "<group>"; };
		2779AB591517A9A300AE4EE6 /* HTTPAsyncFileResponse.m */ = {isa = PBXFileReference; fileEncoding = 4; lastKnownFileType = sourcecode.c.objc; path = HTTPAsyncFileResponse.m; sourceTree = "<group>"; };
		2779AB5A1517A9A300AE4EE6 /* HTTPDataResponse.h */ = {isa = PBXFileReference; fileEncoding = 4; lastKnownFileType = sourcecode.c.h; path = HTTPDataResponse.h; sourceTree = "<group>"; };
		2779AB5B1517A9A300AE4EE6 /* HTTPDataResponse.m */ = {isa = PBXFileReference; fileEncoding = 4; lastKnownFileType = sourcecode.c.objc; path = HTTPDataResponse.m; sourceTree = "<group>"; };
		2779AB5C1517A9A300AE4EE6 /* HTTPDynamicFileResponse.h */ = {isa = PBXFileReference; fileEncoding = 4; lastKnownFileType = sourcecode.c.h; path = HTTPDynamicFileResponse.h; sourceTree = "<group>"; };
		2779AB5D1517A9A300AE4EE6 /* HTTPDynamicFileResponse.m */ = {isa = PBXFileReference; fileEncoding = 4; lastKnownFileType = sourcecode.c.objc; path = HTTPDynamicFileResponse.m; sourceTree = "<group>"; };
		2779AB5E1517A9A300AE4EE6 /* HTTPFileResponse.h */ = {isa = PBXFileReference; fileEncoding = 4; lastKnownFileType = sourcecode.c.h; path = HTTPFileResponse.h; sourceTree = "<group>"; };
		2779AB5F1517A9A300AE4EE6 /* HTTPFileResponse.m */ = {isa = PBXFileReference; fileEncoding = 4; lastKnownFileType = sourcecode.c.objc; path = HTTPFileResponse.m; sourceTree = "<group>"; };
		2779AB601517A9A300AE4EE6 /* HTTPRedirectResponse.h */ = {isa = PBXFileReference; fileEncoding = 4; lastKnownFileType = sourcecode.c.h; path = HTTPRedirectResponse.h; sourceTree = "<group>"; };
		2779AB611517A9A300AE4EE6 /* HTTPRedirectResponse.m */ = {isa = PBXFileReference; fileEncoding = 4; lastKnownFileType = sourcecode.c.objc; path = HTTPRedirectResponse.m; sourceTree = "<group>"; };
		2779AB621517A9A300AE4EE6 /* WebSocket.h */ = {isa = PBXFileReference; fileEncoding = 4; lastKnownFileType = sourcecode.c.h; path = WebSocket.h; sourceTree = "<group>"; };
		2779AB631517A9A300AE4EE6 /* WebSocket.m */ = {isa = PBXFileReference; fileEncoding = 4; lastKnownFileType = sourcecode.c.objc; path = WebSocket.m; sourceTree = "<group>"; };
		2779AB711517A9AE00AE4EE6 /* CFNetwork.framework */ = {isa = PBXFileReference; lastKnownFileType = wrapper.framework; name = CFNetwork.framework; path = System/Library/Frameworks/CFNetwork.framework; sourceTree = SDKROOT; };
		2779AB741517A9F700AE4EE6 /* HTTPResponseProxy.h */ = {isa = PBXFileReference; fileEncoding = 4; lastKnownFileType = sourcecode.c.h; path = HTTPResponseProxy.h; sourceTree = "<group>"; };
		2779AB751517A9F700AE4EE6 /* HTTPResponseProxy.m */ = {isa = PBXFileReference; fileEncoding = 4; lastKnownFileType = sourcecode.c.objc; path = HTTPResponseProxy.m; sourceTree = "<group>"; };
		2779AB761517A9F700AE4EE6 /* Route.h */ = {isa = PBXFileReference; fileEncoding = 4; lastKnownFileType = sourcecode.c.h; path = Route.h; sourceTree = "<group>"; };
		2779AB771517A9F700AE4EE6 /* Route.m */ = {isa = PBXFileReference; fileEncoding = 4; lastKnownFileType = sourcecode.c.objc; path = Route.m; sourceTree = "<group>"; };
		2779AB781517A9F700AE4EE6 /* RouteRequest.h */ = {isa = PBXFileReference; fileEncoding = 4; lastKnownFileType = sourcecode.c.h; path = RouteRequest.h; sourceTree = "<group>"; };
		2779AB791517A9F700AE4EE6 /* RouteRequest.m */ = {isa = PBXFileReference; fileEncoding = 4; lastKnownFileType = sourcecode.c.objc; path = RouteRequest.m; sourceTree = "<group>"; };
		2779AB7A1517A9F700AE4EE6 /* RouteResponse.h */ = {isa = PBXFileReference; fileEncoding = 4; lastKnownFileType = sourcecode.c.h; path = RouteResponse.h; sourceTree = "<group>"; };
		2779AB7B1517A9F700AE4EE6 /* RouteResponse.m */ = {isa = PBXFileReference; fileEncoding = 4; lastKnownFileType = sourcecode.c.objc; path = RouteResponse.m; sourceTree = "<group>"; };
		2779AB7C1517A9F700AE4EE6 /* RoutingConnection.h */ = {isa = PBXFileReference; fileEncoding = 4; lastKnownFileType = sourcecode.c.h; path = RoutingConnection.h; sourceTree = "<group>"; };
		2779AB7D1517A9F700AE4EE6 /* RoutingConnection.m */ = {isa = PBXFileReference; fileEncoding = 4; lastKnownFileType = sourcecode.c.objc; path = RoutingConnection.m; sourceTree = "<group>"; };
		2779AB7E1517A9F700AE4EE6 /* RoutingHTTPServer.h */ = {isa = PBXFileReference; fileEncoding = 4; lastKnownFileType = sourcecode.c.h; path = RoutingHTTPServer.h; sourceTree = "<group>"; };
		2779AB7F1517A9F700AE4EE6 /* RoutingHTTPServer.m */ = {isa = PBXFileReference; fileEncoding = 4; lastKnownFileType = sourcecode.c.objc; path = RoutingHTTPServer.m; sourceTree = "<group>"; };
		2779AB861517AC7100AE4EE6 /* RestKit.xcodeproj */ = {isa = PBXFileReference; lastKnownFileType = "wrapper.pb-project"; name = RestKit.xcodeproj; path = Frameworks/RestKit/RestKit.xcodeproj; sourceTree = "<group>"; };
		2779AB9B1517ACDE00AE4EE6 /* libxml2.dylib */ = {isa = PBXFileReference; lastKnownFileType = "compiled.mach-o.dylib"; name = libxml2.dylib; path = usr/lib/libxml2.dylib; sourceTree = SDKROOT; };
		2779AB9D1517ACE400AE4EE6 /* CoreData.framework */ = {isa = PBXFileReference; lastKnownFileType = wrapper.framework; name = CoreData.framework; path = System/Library/Frameworks/CoreData.framework; sourceTree = SDKROOT; };
/* End PBXFileReference section */

/* Begin PBXFrameworksBuildPhase section */
		2779AAEE1517A8B200AE4EE6 /* Frameworks */ = {
			isa = PBXFrameworksBuildPhase;
			buildActionMask = 2147483647;
			files = (
				2779AB721517A9AE00AE4EE6 /* CFNetwork.framework in Frameworks */,
				2779AB9E1517ACE400AE4EE6 /* CoreData.framework in Frameworks */,
				2779AAFA1517A8B200AE4EE6 /* CoreGraphics.framework in Frameworks */,
				2779AAF81517A8B200AE4EE6 /* Foundation.framework in Frameworks */,
				2779AB9A1517ACD100AE4EE6 /* libRestKit.a in Frameworks */,
				2779AB9C1517ACDE00AE4EE6 /* libxml2.dylib in Frameworks */,
				2779AAF61517A8B200AE4EE6 /* UIKit.framework in Frameworks */,
			);
			runOnlyForDeploymentPostprocessing = 0;
		};
		2779AB111517A8B200AE4EE6 /* Frameworks */ = {
			isa = PBXFrameworksBuildPhase;
			buildActionMask = 2147483647;
			files = (
				2779AB171517A8B200AE4EE6 /* SenTestingKit.framework in Frameworks */,
				2779AB181517A8B200AE4EE6 /* UIKit.framework in Frameworks */,
				2779AB191517A8B200AE4EE6 /* Foundation.framework in Frameworks */,
			);
			runOnlyForDeploymentPostprocessing = 0;
		};
/* End PBXFrameworksBuildPhase section */

/* Begin PBXGroup section */
		2779AAE61517A8B200AE4EE6 = {
			isa = PBXGroup;
			children = (
				2779AAFB1517A8B200AE4EE6 /* Interact */,
				2779AB1C1517A8B200AE4EE6 /* InteractTests */,
				2779AAF41517A8B200AE4EE6 /* Frameworks */,
				2779AAF21517A8B200AE4EE6 /* Products */,
			);
			sourceTree = "<group>";
		};
		2779AAF21517A8B200AE4EE6 /* Products */ = {
			isa = PBXGroup;
			children = (
				2779AAF11517A8B200AE4EE6 /* Interact.app */,
				2779AB151517A8B200AE4EE6 /* InteractTests.octest */,
			);
			name = Products;
			sourceTree = "<group>";
		};
		2779AAF41517A8B200AE4EE6 /* Frameworks */ = {
			isa = PBXGroup;
			children = (
				2779AB711517A9AE00AE4EE6 /* CFNetwork.framework */,
				2779AB2D1517A99D00AE4EE6 /* CocoaAsyncSocket */,
				2779AB451517A9A300AE4EE6 /* CocoaHTTPServer */,
				2779AB311517A99D00AE4EE6 /* CocoaLumberjack */,
				2779AB9D1517ACE400AE4EE6 /* CoreData.framework */,
				2779AAF91517A8B200AE4EE6 /* CoreGraphics.framework */,
				2779AAF71517A8B200AE4EE6 /* Foundation.framework */,
				2779AB9B1517ACDE00AE4EE6 /* libxml2.dylib */,
				2779AB861517AC7100AE4EE6 /* RestKit.xcodeproj */,
				2779AB731517A9F700AE4EE6 /* RoutingHTTPServer */,
				2779AB161517A8B200AE4EE6 /* SenTestingKit.framework */,
				2779AAF51517A8B200AE4EE6 /* UIKit.framework */,
			);
			name = Frameworks;
			sourceTree = "<group>";
		};
		2779AAFB1517A8B200AE4EE6 /* Interact */ = {
			isa = PBXGroup;
			children = (
				2779AB041517A8B200AE4EE6 /* IAAppDelegate.h */,
				2779AB051517A8B200AE4EE6 /* IAAppDelegate.m */,
				2779AB071517A8B200AE4EE6 /* MainStoryboard_iPhone.storyboard */,
				2779AB0A1517A8B200AE4EE6 /* MainStoryboard_iPad.storyboard */,
				2779AB0D1517A8B200AE4EE6 /* IAViewController.h */,
				2779AB0E1517A8B200AE4EE6 /* IAViewController.m */,
				2779AAFC1517A8B200AE4EE6 /* Supporting Files */,
			);
			path = Interact;
			sourceTree = "<group>";
		};
		2779AAFC1517A8B200AE4EE6 /* Supporting Files */ = {
			isa = PBXGroup;
			children = (
				2779AAFD1517A8B200AE4EE6 /* Interact-Info.plist */,
				2779AAFE1517A8B200AE4EE6 /* InfoPlist.strings */,
				2779AB011517A8B200AE4EE6 /* main.m */,
				2779AB031517A8B200AE4EE6 /* Interact-Prefix.pch */,
			);
			name = "Supporting Files";
			sourceTree = "<group>";
		};
		2779AB1C1517A8B200AE4EE6 /* InteractTests */ = {
			isa = PBXGroup;
			children = (
				2779AB221517A8B200AE4EE6 /* InteractTests.h */,
				2779AB231517A8B200AE4EE6 /* InteractTests.m */,
				2779AB1D1517A8B200AE4EE6 /* Supporting Files */,
			);
			path = InteractTests;
			sourceTree = "<group>";
		};
		2779AB1D1517A8B200AE4EE6 /* Supporting Files */ = {
			isa = PBXGroup;
			children = (
				2779AB1E1517A8B200AE4EE6 /* InteractTests-Info.plist */,
				2779AB1F1517A8B200AE4EE6 /* InfoPlist.strings */,
			);
			name = "Supporting Files";
			sourceTree = "<group>";
		};
		2779AB2D1517A99D00AE4EE6 /* CocoaAsyncSocket */ = {
			isa = PBXGroup;
			children = (
				2779AB2E1517A99D00AE4EE6 /* About.txt */,
				2779AB2F1517A99D00AE4EE6 /* GCDAsyncSocket.h */,
				2779AB301517A99D00AE4EE6 /* GCDAsyncSocket.m */,
			);
			name = CocoaAsyncSocket;
			path = Frameworks/RoutingHTTPServer/External/CocoaHTTPServer/Vendor/CocoaAsyncSocket;
			sourceTree = "<group>";
		};
		2779AB311517A99D00AE4EE6 /* CocoaLumberjack */ = {
			isa = PBXGroup;
			children = (
				2779AB321517A99D00AE4EE6 /* About.txt */,
				2779AB331517A99D00AE4EE6 /* DDAbstractDatabaseLogger.h */,
				2779AB341517A99D00AE4EE6 /* DDAbstractDatabaseLogger.m */,
				2779AB351517A99D00AE4EE6 /* DDASLLogger.h */,
				2779AB361517A99D00AE4EE6 /* DDASLLogger.m */,
				2779AB371517A99D00AE4EE6 /* DDFileLogger.h */,
				2779AB381517A99D00AE4EE6 /* DDFileLogger.m */,
				2779AB391517A99D00AE4EE6 /* DDLog.h */,
				2779AB3A1517A99D00AE4EE6 /* DDLog.m */,
				2779AB3B1517A99D00AE4EE6 /* DDTTYLogger.h */,
				2779AB3C1517A99D00AE4EE6 /* DDTTYLogger.m */,
			);
			name = CocoaLumberjack;
			path = Frameworks/RoutingHTTPServer/External/CocoaHTTPServer/Vendor/CocoaLumberjack;
			sourceTree = "<group>";
		};
		2779AB451517A9A300AE4EE6 /* CocoaHTTPServer */ = {
			isa = PBXGroup;
			children = (
				2779AB461517A9A300AE4EE6 /* Categories */,
				2779AB4D1517A9A300AE4EE6 /* HTTPAuthenticationRequest.h */,
				2779AB4E1517A9A300AE4EE6 /* HTTPAuthenticationRequest.m */,
				2779AB4F1517A9A300AE4EE6 /* HTTPConnection.h */,
				2779AB501517A9A300AE4EE6 /* HTTPConnection.m */,
				2779AB511517A9A300AE4EE6 /* HTTPLogging.h */,
				2779AB521517A9A300AE4EE6 /* HTTPMessage.h */,
				2779AB531517A9A300AE4EE6 /* HTTPMessage.m */,
				2779AB541517A9A300AE4EE6 /* HTTPResponse.h */,
				2779AB551517A9A300AE4EE6 /* HTTPServer.h */,
				2779AB561517A9A300AE4EE6 /* HTTPServer.m */,
				2779AB571517A9A300AE4EE6 /* Responses */,
				2779AB621517A9A300AE4EE6 /* WebSocket.h */,
				2779AB631517A9A300AE4EE6 /* WebSocket.m */,
			);
			name = CocoaHTTPServer;
			path = Frameworks/RoutingHTTPServer/External/CocoaHTTPServer/Core;
			sourceTree = "<group>";
		};
		2779AB461517A9A300AE4EE6 /* Categories */ = {
			isa = PBXGroup;
			children = (
				2779AB471517A9A300AE4EE6 /* DDData.h */,
				2779AB481517A9A300AE4EE6 /* DDData.m */,
				2779AB491517A9A300AE4EE6 /* DDNumber.h */,
				2779AB4A1517A9A300AE4EE6 /* DDNumber.m */,
				2779AB4B1517A9A300AE4EE6 /* DDRange.h */,
				2779AB4C1517A9A300AE4EE6 /* DDRange.m */,
			);
			path = Categories;
			sourceTree = "<group>";
		};
		2779AB571517A9A300AE4EE6 /* Responses */ = {
			isa = PBXGroup;
			children = (
				2779AB581517A9A300AE4EE6 /* HTTPAsyncFileResponse.h */,
				2779AB591517A9A300AE4EE6 /* HTTPAsyncFileResponse.m */,
				2779AB5A1517A9A300AE4EE6 /* HTTPDataResponse.h */,
				2779AB5B1517A9A300AE4EE6 /* HTTPDataResponse.m */,
				2779AB5C1517A9A300AE4EE6 /* HTTPDynamicFileResponse.h */,
				2779AB5D1517A9A300AE4EE6 /* HTTPDynamicFileResponse.m */,
				2779AB5E1517A9A300AE4EE6 /* HTTPFileResponse.h */,
				2779AB5F1517A9A300AE4EE6 /* HTTPFileResponse.m */,
				2779AB601517A9A300AE4EE6 /* HTTPRedirectResponse.h */,
				2779AB611517A9A300AE4EE6 /* HTTPRedirectResponse.m */,
			);
			path = Responses;
			sourceTree = "<group>";
		};
		2779AB731517A9F700AE4EE6 /* RoutingHTTPServer */ = {
			isa = PBXGroup;
			children = (
				2779AB741517A9F700AE4EE6 /* HTTPResponseProxy.h */,
				2779AB751517A9F700AE4EE6 /* HTTPResponseProxy.m */,
				2779AB761517A9F700AE4EE6 /* Route.h */,
				2779AB771517A9F700AE4EE6 /* Route.m */,
				2779AB781517A9F700AE4EE6 /* RouteRequest.h */,
				2779AB791517A9F700AE4EE6 /* RouteRequest.m */,
				2779AB7A1517A9F700AE4EE6 /* RouteResponse.h */,
				2779AB7B1517A9F700AE4EE6 /* RouteResponse.m */,
				2779AB7C1517A9F700AE4EE6 /* RoutingConnection.h */,
				2779AB7D1517A9F700AE4EE6 /* RoutingConnection.m */,
				2779AB7E1517A9F700AE4EE6 /* RoutingHTTPServer.h */,
				2779AB7F1517A9F700AE4EE6 /* RoutingHTTPServer.m */,
			);
			name = RoutingHTTPServer;
			path = Frameworks/RoutingHTTPServer/Source;
			sourceTree = "<group>";
		};
		2779AB871517AC7100AE4EE6 /* Products */ = {
			isa = PBXGroup;
			children = (
				2779AB911517AC7200AE4EE6 /* libRestKit.a */,
				2779AB931517AC7200AE4EE6 /* RestKitTests.octest */,
				2779AB951517AC7200AE4EE6 /* RestKit.framework */,
				2779AB971517AC7200AE4EE6 /* RestKitFrameworkTests.octest */,
			);
			name = Products;
			sourceTree = "<group>";
		};
/* End PBXGroup section */

/* Begin PBXNativeTarget section */
		2779AAF01517A8B200AE4EE6 /* Interact */ = {
			isa = PBXNativeTarget;
			buildConfigurationList = 2779AB271517A8B200AE4EE6 /* Build configuration list for PBXNativeTarget "Interact" */;
			buildPhases = (
				2779AAED1517A8B200AE4EE6 /* Sources */,
				2779AAEE1517A8B200AE4EE6 /* Frameworks */,
				2779AAEF1517A8B200AE4EE6 /* Resources */,
			);
			buildRules = (
			);
			dependencies = (
				2779AB991517ACC900AE4EE6 /* PBXTargetDependency */,
			);
			name = Interact;
			productName = Interact;
			productReference = 2779AAF11517A8B200AE4EE6 /* Interact.app */;
			productType = "com.apple.product-type.application";
		};
		2779AB141517A8B200AE4EE6 /* InteractTests */ = {
			isa = PBXNativeTarget;
			buildConfigurationList = 2779AB2A1517A8B200AE4EE6 /* Build configuration list for PBXNativeTarget "InteractTests" */;
			buildPhases = (
				2779AB101517A8B200AE4EE6 /* Sources */,
				2779AB111517A8B200AE4EE6 /* Frameworks */,
				2779AB121517A8B200AE4EE6 /* Resources */,
				2779AB131517A8B200AE4EE6 /* ShellScript */,
			);
			buildRules = (
			);
			dependencies = (
				2779AB1B1517A8B200AE4EE6 /* PBXTargetDependency */,
			);
			name = InteractTests;
			productName = InteractTests;
			productReference = 2779AB151517A8B200AE4EE6 /* InteractTests.octest */;
			productType = "com.apple.product-type.bundle";
		};
/* End PBXNativeTarget section */

/* Begin PBXProject section */
		2779AAE81517A8B200AE4EE6 /* Project object */ = {
			isa = PBXProject;
			attributes = {
				CLASSPREFIX = IA;
				LastUpgradeCheck = 0430;
				ORGANIZATIONNAME = "Fachhochschule Gelsenkirchen Abt. Bocholt";
			};
			buildConfigurationList = 2779AAEB1517A8B200AE4EE6 /* Build configuration list for PBXProject "Interact" */;
			compatibilityVersion = "Xcode 3.2";
			developmentRegion = English;
			hasScannedForEncodings = 0;
			knownRegions = (
				en,
			);
			mainGroup = 2779AAE61517A8B200AE4EE6;
			productRefGroup = 2779AAF21517A8B200AE4EE6 /* Products */;
			projectDirPath = "";
			projectReferences = (
				{
					ProductGroup = 2779AB871517AC7100AE4EE6 /* Products */;
					ProjectRef = 2779AB861517AC7100AE4EE6 /* RestKit.xcodeproj */;
				},
			);
			projectRoot = "";
			targets = (
				2779AAF01517A8B200AE4EE6 /* Interact */,
				2779AB141517A8B200AE4EE6 /* InteractTests */,
			);
		};
/* End PBXProject section */

/* Begin PBXReferenceProxy section */
		2779AB911517AC7200AE4EE6 /* libRestKit.a */ = {
			isa = PBXReferenceProxy;
			fileType = archive.ar;
			path = libRestKit.a;
			remoteRef = 2779AB901517AC7200AE4EE6 /* PBXContainerItemProxy */;
			sourceTree = BUILT_PRODUCTS_DIR;
		};
		2779AB931517AC7200AE4EE6 /* RestKitTests.octest */ = {
			isa = PBXReferenceProxy;
			fileType = wrapper.cfbundle;
			path = RestKitTests.octest;
			remoteRef = 2779AB921517AC7200AE4EE6 /* PBXContainerItemProxy */;
			sourceTree = BUILT_PRODUCTS_DIR;
		};
		2779AB951517AC7200AE4EE6 /* RestKit.framework */ = {
			isa = PBXReferenceProxy;
			fileType = wrapper.framework;
			path = RestKit.framework;
			remoteRef = 2779AB941517AC7200AE4EE6 /* PBXContainerItemProxy */;
			sourceTree = BUILT_PRODUCTS_DIR;
		};
		2779AB971517AC7200AE4EE6 /* RestKitFrameworkTests.octest */ = {
			isa = PBXReferenceProxy;
			fileType = wrapper.cfbundle;
			path = RestKitFrameworkTests.octest;
			remoteRef = 2779AB961517AC7200AE4EE6 /* PBXContainerItemProxy */;
			sourceTree = BUILT_PRODUCTS_DIR;
		};
/* End PBXReferenceProxy section */

/* Begin PBXResourcesBuildPhase section */
		2779AAEF1517A8B200AE4EE6 /* Resources */ = {
			isa = PBXResourcesBuildPhase;
			buildActionMask = 2147483647;
			files = (
				2779AB001517A8B200AE4EE6 /* InfoPlist.strings in Resources */,
				2779AB091517A8B200AE4EE6 /* MainStoryboard_iPhone.storyboard in Resources */,
				2779AB0C1517A8B200AE4EE6 /* MainStoryboard_iPad.storyboard in Resources */,
			);
			runOnlyForDeploymentPostprocessing = 0;
		};
		2779AB121517A8B200AE4EE6 /* Resources */ = {
			isa = PBXResourcesBuildPhase;
			buildActionMask = 2147483647;
			files = (
				2779AB211517A8B200AE4EE6 /* InfoPlist.strings in Resources */,
			);
			runOnlyForDeploymentPostprocessing = 0;
		};
/* End PBXResourcesBuildPhase section */

/* Begin PBXShellScriptBuildPhase section */
		2779AB131517A8B200AE4EE6 /* ShellScript */ = {
			isa = PBXShellScriptBuildPhase;
			buildActionMask = 2147483647;
			files = (
			);
			inputPaths = (
			);
			outputPaths = (
			);
			runOnlyForDeploymentPostprocessing = 0;
			shellPath = /bin/sh;
			shellScript = "# Run the unit tests in this test bundle.\n\"${SYSTEM_DEVELOPER_DIR}/Tools/RunUnitTests\"\n";
		};
/* End PBXShellScriptBuildPhase section */

/* Begin PBXSourcesBuildPhase section */
		2779AAED1517A8B200AE4EE6 /* Sources */ = {
			isa = PBXSourcesBuildPhase;
			buildActionMask = 2147483647;
			files = (
				2779AB021517A8B200AE4EE6 /* main.m in Sources */,
				2779AB061517A8B200AE4EE6 /* IAAppDelegate.m in Sources */,
				2779AB0F1517A8B200AE4EE6 /* IAViewController.m in Sources */,
				2779AB3E1517A99D00AE4EE6 /* GCDAsyncSocket.m in Sources */,
				2779AB401517A99D00AE4EE6 /* DDAbstractDatabaseLogger.m in Sources */,
				2779AB411517A99D00AE4EE6 /* DDASLLogger.m in Sources */,
				2779AB421517A99D00AE4EE6 /* DDFileLogger.m in Sources */,
				2779AB431517A99D00AE4EE6 /* DDLog.m in Sources */,
				2779AB441517A99D00AE4EE6 /* DDTTYLogger.m in Sources */,
				2779AB641517A9A300AE4EE6 /* DDData.m in Sources */,
				2779AB651517A9A300AE4EE6 /* DDNumber.m in Sources */,
				2779AB661517A9A300AE4EE6 /* DDRange.m in Sources */,
				2779AB671517A9A300AE4EE6 /* HTTPAuthenticationRequest.m in Sources */,
				2779AB681517A9A300AE4EE6 /* HTTPConnection.m in Sources */,
				2779AB691517A9A300AE4EE6 /* HTTPMessage.m in Sources */,
				2779AB6A1517A9A300AE4EE6 /* HTTPServer.m in Sources */,
				2779AB6B1517A9A300AE4EE6 /* HTTPAsyncFileResponse.m in Sources */,
				2779AB6C1517A9A300AE4EE6 /* HTTPDataResponse.m in Sources */,
				2779AB6D1517A9A300AE4EE6 /* HTTPDynamicFileResponse.m in Sources */,
				2779AB6E1517A9A300AE4EE6 /* HTTPFileResponse.m in Sources */,
				2779AB6F1517A9A300AE4EE6 /* HTTPRedirectResponse.m in Sources */,
				2779AB701517A9A300AE4EE6 /* WebSocket.m in Sources */,
				2779AB801517A9F700AE4EE6 /* HTTPResponseProxy.m in Sources */,
				2779AB811517A9F700AE4EE6 /* Route.m in Sources */,
				2779AB821517A9F700AE4EE6 /* RouteRequest.m in Sources */,
				2779AB831517A9F700AE4EE6 /* RouteResponse.m in Sources */,
				2779AB841517A9F700AE4EE6 /* RoutingConnection.m in Sources */,
				2779AB851517A9F700AE4EE6 /* RoutingHTTPServer.m in Sources */,
			);
			runOnlyForDeploymentPostprocessing = 0;
		};
		2779AB101517A8B200AE4EE6 /* Sources */ = {
			isa = PBXSourcesBuildPhase;
			buildActionMask = 2147483647;
			files = (
				2779AB241517A8B200AE4EE6 /* InteractTests.m in Sources */,
			);
			runOnlyForDeploymentPostprocessing = 0;
		};
/* End PBXSourcesBuildPhase section */

/* Begin PBXTargetDependency section */
		2779AB1B1517A8B200AE4EE6 /* PBXTargetDependency */ = {
			isa = PBXTargetDependency;
			target = 2779AAF01517A8B200AE4EE6 /* Interact */;
			targetProxy = 2779AB1A1517A8B200AE4EE6 /* PBXContainerItemProxy */;
		};
		2779AB991517ACC900AE4EE6 /* PBXTargetDependency */ = {
			isa = PBXTargetDependency;
			name = RestKit;
			targetProxy = 2779AB981517ACC900AE4EE6 /* PBXContainerItemProxy */;
		};
/* End PBXTargetDependency section */

/* Begin PBXVariantGroup section */
		2779AAFE1517A8B200AE4EE6 /* InfoPlist.strings */ = {
			isa = PBXVariantGroup;
			children = (
				2779AAFF1517A8B200AE4EE6 /* en */,
			);
			name = InfoPlist.strings;
			sourceTree = "<group>";
		};
		2779AB071517A8B200AE4EE6 /* MainStoryboard_iPhone.storyboard */ = {
			isa = PBXVariantGroup;
			children = (
				2779AB081517A8B200AE4EE6 /* en */,
			);
			name = MainStoryboard_iPhone.storyboard;
			sourceTree = "<group>";
		};
		2779AB0A1517A8B200AE4EE6 /* MainStoryboard_iPad.storyboard */ = {
			isa = PBXVariantGroup;
			children = (
				2779AB0B1517A8B200AE4EE6 /* en */,
			);
			name = MainStoryboard_iPad.storyboard;
			sourceTree = "<group>";
		};
		2779AB1F1517A8B200AE4EE6 /* InfoPlist.strings */ = {
			isa = PBXVariantGroup;
			children = (
				2779AB201517A8B200AE4EE6 /* en */,
			);
			name = InfoPlist.strings;
			sourceTree = "<group>";
		};
/* End PBXVariantGroup section */

/* Begin XCBuildConfiguration section */
		2779AB251517A8B200AE4EE6 /* Debug */ = {
			isa = XCBuildConfiguration;
			buildSettings = {
				ALWAYS_SEARCH_USER_PATHS = NO;
				ARCHS = "$(ARCHS_STANDARD_32_BIT)";
				CLANG_ENABLE_OBJC_ARC = YES;
				"CODE_SIGN_IDENTITY[sdk=iphoneos*]" = "iPhone Developer";
				COPY_PHASE_STRIP = NO;
				GCC_C_LANGUAGE_STANDARD = gnu99;
				GCC_DYNAMIC_NO_PIC = NO;
				GCC_OPTIMIZATION_LEVEL = 0;
				GCC_PREPROCESSOR_DEFINITIONS = (
					"DEBUG=1",
					"$(inherited)",
				);
				GCC_SYMBOLS_PRIVATE_EXTERN = NO;
				GCC_VERSION = com.apple.compilers.llvm.clang.1_0;
				GCC_WARN_ABOUT_RETURN_TYPE = YES;
				GCC_WARN_UNINITIALIZED_AUTOS = YES;
				GCC_WARN_UNUSED_VARIABLE = YES;
				IPHONEOS_DEPLOYMENT_TARGET = 5.1;
				SDKROOT = iphoneos;
				TARGETED_DEVICE_FAMILY = "1,2";
			};
			name = Debug;
		};
		2779AB261517A8B200AE4EE6 /* Release */ = {
			isa = XCBuildConfiguration;
			buildSettings = {
				ALWAYS_SEARCH_USER_PATHS = NO;
				ARCHS = "$(ARCHS_STANDARD_32_BIT)";
				CLANG_ENABLE_OBJC_ARC = YES;
				"CODE_SIGN_IDENTITY[sdk=iphoneos*]" = "iPhone Developer";
				COPY_PHASE_STRIP = YES;
				GCC_C_LANGUAGE_STANDARD = gnu99;
				GCC_VERSION = com.apple.compilers.llvm.clang.1_0;
				GCC_WARN_ABOUT_RETURN_TYPE = YES;
				GCC_WARN_UNINITIALIZED_AUTOS = YES;
				GCC_WARN_UNUSED_VARIABLE = YES;
				IPHONEOS_DEPLOYMENT_TARGET = 5.1;
				OTHER_CFLAGS = "-DNS_BLOCK_ASSERTIONS=1";
				SDKROOT = iphoneos;
				TARGETED_DEVICE_FAMILY = "1,2";
				VALIDATE_PRODUCT = YES;
			};
			name = Release;
		};
		2779AB281517A8B200AE4EE6 /* Debug */ = {
			isa = XCBuildConfiguration;
			buildSettings = {
				GCC_PRECOMPILE_PREFIX_HEADER = YES;
				GCC_PREFIX_HEADER = "Interact/Interact-Prefix.pch";
				INFOPLIST_FILE = "Interact/Interact-Info.plist";
				PRODUCT_NAME = "$(TARGET_NAME)";
				WRAPPER_EXTENSION = app;
			};
			name = Debug;
		};
		2779AB291517A8B200AE4EE6 /* Release */ = {
			isa = XCBuildConfiguration;
			buildSettings = {
				GCC_PRECOMPILE_PREFIX_HEADER = YES;
				GCC_PREFIX_HEADER = "Interact/Interact-Prefix.pch";
				INFOPLIST_FILE = "Interact/Interact-Info.plist";
				PRODUCT_NAME = "$(TARGET_NAME)";
				WRAPPER_EXTENSION = app;
			};
			name = Release;
		};
		2779AB2B1517A8B200AE4EE6 /* Debug */ = {
			isa = XCBuildConfiguration;
			buildSettings = {
				BUNDLE_LOADER = "$(BUILT_PRODUCTS_DIR)/Interact.app/Interact";
				FRAMEWORK_SEARCH_PATHS = (
					"$(SDKROOT)/Developer/Library/Frameworks",
					"$(DEVELOPER_LIBRARY_DIR)/Frameworks",
				);
				GCC_PRECOMPILE_PREFIX_HEADER = YES;
				GCC_PREFIX_HEADER = "Interact/Interact-Prefix.pch";
				INFOPLIST_FILE = "InteractTests/InteractTests-Info.plist";
				PRODUCT_NAME = "$(TARGET_NAME)";
				TEST_HOST = "$(BUNDLE_LOADER)";
				WRAPPER_EXTENSION = octest;
			};
			name = Debug;
		};
		2779AB2C1517A8B200AE4EE6 /* Release */ = {
			isa = XCBuildConfiguration;
			buildSettings = {
				BUNDLE_LOADER = "$(BUILT_PRODUCTS_DIR)/Interact.app/Interact";
				FRAMEWORK_SEARCH_PATHS = (
					"$(SDKROOT)/Developer/Library/Frameworks",
					"$(DEVELOPER_LIBRARY_DIR)/Frameworks",
				);
				GCC_PRECOMPILE_PREFIX_HEADER = YES;
				GCC_PREFIX_HEADER = "Interact/Interact-Prefix.pch";
				INFOPLIST_FILE = "InteractTests/InteractTests-Info.plist";
				PRODUCT_NAME = "$(TARGET_NAME)";
				TEST_HOST = "$(BUNDLE_LOADER)";
				WRAPPER_EXTENSION = octest;
			};
			name = Release;
		};
/* End XCBuildConfiguration section */

/* Begin XCConfigurationList section */
		2779AAEB1517A8B200AE4EE6 /* Build configuration list for PBXProject "Interact" */ = {
			isa = XCConfigurationList;
			buildConfigurations = (
				2779AB251517A8B200AE4EE6 /* Debug */,
				2779AB261517A8B200AE4EE6 /* Release */,
			);
			defaultConfigurationIsVisible = 0;
			defaultConfigurationName = Release;
		};
		2779AB271517A8B200AE4EE6 /* Build configuration list for PBXNativeTarget "Interact" */ = {
			isa = XCConfigurationList;
			buildConfigurations = (
				2779AB281517A8B200AE4EE6 /* Debug */,
				2779AB291517A8B200AE4EE6 /* Release */,
			);
			defaultConfigurationIsVisible = 0;
		};
		2779AB2A1517A8B200AE4EE6 /* Build configuration list for PBXNativeTarget "InteractTests" */ = {
			isa = XCConfigurationList;
			buildConfigurations = (
				2779AB2B1517A8B200AE4EE6 /* Debug */,
				2779AB2C1517A8B200AE4EE6 /* Release */,
			);
			defaultConfigurationIsVisible = 0;
		};
/* End XCConfigurationList section */
	};
	rootObject = 2779AAE81517A8B200AE4EE6 /* Project object */;
}
