// !$*UTF8*$!
{
	archiveVersion = 1;
	classes = {
	};
	objectVersion = 46;
	objects = {

/* Begin PBXBuildFile section */
		2719BE931518EDCF00B12461 /* IAImage.m in Sources */ = {isa = PBXBuildFile; fileRef = 2719BE921518EDCF00B12461 /* IAImage.m */; };
		2719BE961518EEEA00B12461 /* IAImageViewController.m in Sources */ = {isa = PBXBuildFile; fileRef = 2719BE951518EEEA00B12461 /* IAImageViewController.m */; };
		2719BEA31518F14300B12461 /* IAImageProvider.m in Sources */ = {isa = PBXBuildFile; fileRef = 2719BEA01518F14300B12461 /* IAImageProvider.m */; };
		2719BEA41518F14300B12461 /* IAImageServer.m in Sources */ = {isa = PBXBuildFile; fileRef = 2719BEA21518F14300B12461 /* IAImageServer.m */; };
		2719BEAE1518F53100B12461 /* IAImageClient.m in Sources */ = {isa = PBXBuildFile; fileRef = 2719BEAD1518F53100B12461 /* IAImageClient.m */; };
		273166011517BD14005439AE /* MobileCoreServices.framework in Frameworks */ = {isa = PBXBuildFile; fileRef = 273166001517BD14005439AE /* MobileCoreServices.framework */; };
		273166031517BD1F005439AE /* SystemConfiguration.framework in Frameworks */ = {isa = PBXBuildFile; fileRef = 273166021517BD1F005439AE /* SystemConfiguration.framework */; };
		273166051517BD2F005439AE /* Security.framework in Frameworks */ = {isa = PBXBuildFile; fileRef = 273166041517BD2F005439AE /* Security.framework */; };
		2731662D1517CFF4005439AE /* IADeviceTableViewController.m in Sources */ = {isa = PBXBuildFile; fileRef = 2731662C1517CFF4005439AE /* IADeviceTableViewController.m */; };
		273166301517D03C005439AE /* IAImageTableViewController.m in Sources */ = {isa = PBXBuildFile; fileRef = 2731662F1517D03C005439AE /* IAImageTableViewController.m */; };
		273166331517D07A005439AE /* IADevice.m in Sources */ = {isa = PBXBuildFile; fileRef = 273166321517D07A005439AE /* IADevice.m */; };
		275332DF1523DFE5002B0E6E /* CocoaAsyncSocket.framework in Frameworks */ = {isa = PBXBuildFile; fileRef = 275332DC1523DFE5002B0E6E /* CocoaAsyncSocket.framework */; };
		275332E01523DFE5002B0E6E /* CocoaHTTPServer.framework in Frameworks */ = {isa = PBXBuildFile; fileRef = 275332DD1523DFE5002B0E6E /* CocoaHTTPServer.framework */; };
		275332E11523DFE5002B0E6E /* CocoaLumberjack.framework in Frameworks */ = {isa = PBXBuildFile; fileRef = 275332DE1523DFE5002B0E6E /* CocoaLumberjack.framework */; };
		275332E41523E006002B0E6E /* RestKit+Blocks.framework in Frameworks */ = {isa = PBXBuildFile; fileRef = 275332E21523E006002B0E6E /* RestKit+Blocks.framework */; };
		275332E51523E006002B0E6E /* RoutingHTTPServer.framework in Frameworks */ = {isa = PBXBuildFile; fileRef = 275332E31523E006002B0E6E /* RoutingHTTPServer.framework */; };
		2779AAF61517A8B200AE4EE6 /* UIKit.framework in Frameworks */ = {isa = PBXBuildFile; fileRef = 2779AAF51517A8B200AE4EE6 /* UIKit.framework */; };
		2779AAF81517A8B200AE4EE6 /* Foundation.framework in Frameworks */ = {isa = PBXBuildFile; fileRef = 2779AAF71517A8B200AE4EE6 /* Foundation.framework */; };
		2779AAFA1517A8B200AE4EE6 /* CoreGraphics.framework in Frameworks */ = {isa = PBXBuildFile; fileRef = 2779AAF91517A8B200AE4EE6 /* CoreGraphics.framework */; };
		2779AB001517A8B200AE4EE6 /* InfoPlist.strings in Resources */ = {isa = PBXBuildFile; fileRef = 2779AAFE1517A8B200AE4EE6 /* InfoPlist.strings */; };
		2779AB021517A8B200AE4EE6 /* main.m in Sources */ = {isa = PBXBuildFile; fileRef = 2779AB011517A8B200AE4EE6 /* main.m */; };
		2779AB061517A8B200AE4EE6 /* IAAppDelegate.m in Sources */ = {isa = PBXBuildFile; fileRef = 2779AB051517A8B200AE4EE6 /* IAAppDelegate.m */; };
		2779AB091517A8B200AE4EE6 /* MainStoryboard_iPhone.storyboard in Resources */ = {isa = PBXBuildFile; fileRef = 2779AB071517A8B200AE4EE6 /* MainStoryboard_iPhone.storyboard */; };
		2779AB0C1517A8B200AE4EE6 /* MainStoryboard_iPad.storyboard in Resources */ = {isa = PBXBuildFile; fileRef = 2779AB0A1517A8B200AE4EE6 /* MainStoryboard_iPad.storyboard */; };
		2779AB171517A8B200AE4EE6 /* SenTestingKit.framework in Frameworks */ = {isa = PBXBuildFile; fileRef = 2779AB161517A8B200AE4EE6 /* SenTestingKit.framework */; };
		2779AB181517A8B200AE4EE6 /* UIKit.framework in Frameworks */ = {isa = PBXBuildFile; fileRef = 2779AAF51517A8B200AE4EE6 /* UIKit.framework */; };
		2779AB191517A8B200AE4EE6 /* Foundation.framework in Frameworks */ = {isa = PBXBuildFile; fileRef = 2779AAF71517A8B200AE4EE6 /* Foundation.framework */; };
		2779AB211517A8B200AE4EE6 /* InfoPlist.strings in Resources */ = {isa = PBXBuildFile; fileRef = 2779AB1F1517A8B200AE4EE6 /* InfoPlist.strings */; };
		2779AB241517A8B200AE4EE6 /* InteractTests.m in Sources */ = {isa = PBXBuildFile; fileRef = 2779AB231517A8B200AE4EE6 /* InteractTests.m */; };
		2779AB721517A9AE00AE4EE6 /* CFNetwork.framework in Frameworks */ = {isa = PBXBuildFile; fileRef = 2779AB711517A9AE00AE4EE6 /* CFNetwork.framework */; };
		2779AB9C1517ACDE00AE4EE6 /* libxml2.dylib in Frameworks */ = {isa = PBXBuildFile; fileRef = 2779AB9B1517ACDE00AE4EE6 /* libxml2.dylib */; };
		2779AB9E1517ACE400AE4EE6 /* CoreData.framework in Frameworks */ = {isa = PBXBuildFile; fileRef = 2779AB9D1517ACE400AE4EE6 /* CoreData.framework */; };
		27BB876C15240AF0002112F2 /* IAImages.m in Sources */ = {isa = PBXBuildFile; fileRef = 27BB876B15240AF0002112F2 /* IAImages.m */; };
		27BB87701524175A002112F2 /* IAInteract.m in Sources */ = {isa = PBXBuildFile; fileRef = 27BB876F1524175A002112F2 /* IAInteract.m */; };
		27DAC3A91523EC0B00622A50 /* CFNetwork.framework in Frameworks */ = {isa = PBXBuildFile; fileRef = 2779AB711517A9AE00AE4EE6 /* CFNetwork.framework */; };
		27DAC3AB1523EC1300622A50 /* Security.framework in Frameworks */ = {isa = PBXBuildFile; fileRef = 273166041517BD2F005439AE /* Security.framework */; };
		27DAC3AC1523EC1800622A50 /* CoreData.framework in Frameworks */ = {isa = PBXBuildFile; fileRef = 2779AB9D1517ACE400AE4EE6 /* CoreData.framework */; };
		27DAC3AD1523EC2300622A50 /* MobileCoreServices.framework in Frameworks */ = {isa = PBXBuildFile; fileRef = 273166001517BD14005439AE /* MobileCoreServices.framework */; };
		27DAC3AE1523EC2700622A50 /* SystemConfiguration.framework in Frameworks */ = {isa = PBXBuildFile; fileRef = 273166021517BD1F005439AE /* SystemConfiguration.framework */; };
		27DAC3AF1523EC3800622A50 /* libxml2.dylib in Frameworks */ = {isa = PBXBuildFile; fileRef = 2779AB9B1517ACDE00AE4EE6 /* libxml2.dylib */; };
		27DAC3B01523EC5F00622A50 /* RestKit+Blocks.framework in Frameworks */ = {isa = PBXBuildFile; fileRef = 275332E21523E006002B0E6E /* RestKit+Blocks.framework */; };
		27DAC3B11523EC9A00622A50 /* CocoaAsyncSocket.framework in Frameworks */ = {isa = PBXBuildFile; fileRef = 275332DC1523DFE5002B0E6E /* CocoaAsyncSocket.framework */; };
		27DAC3B21523EC9A00622A50 /* CocoaHTTPServer.framework in Frameworks */ = {isa = PBXBuildFile; fileRef = 275332DD1523DFE5002B0E6E /* CocoaHTTPServer.framework */; };
		27DAC3B31523EC9A00622A50 /* CocoaLumberjack.framework in Frameworks */ = {isa = PBXBuildFile; fileRef = 275332DE1523DFE5002B0E6E /* CocoaLumberjack.framework */; };
		27DAC3B41523EC9E00622A50 /* RoutingHTTPServer.framework in Frameworks */ = {isa = PBXBuildFile; fileRef = 275332E31523E006002B0E6E /* RoutingHTTPServer.framework */; };
		27DAC3C41523EF6900622A50 /* RestKit.framework in Frameworks */ = {isa = PBXBuildFile; fileRef = 27DAC3C31523EF6900622A50 /* RestKit.framework */; };
		27DAC3C51523EF6900622A50 /* RestKit.framework in Frameworks */ = {isa = PBXBuildFile; fileRef = 27DAC3C31523EF6900622A50 /* RestKit.framework */; };
/* End PBXBuildFile section */

/* Begin PBXContainerItemProxy section */
		2779AB1A1517A8B200AE4EE6 /* PBXContainerItemProxy */ = {
			isa = PBXContainerItemProxy;
			containerPortal = 2779AAE81517A8B200AE4EE6 /* Project object */;
			proxyType = 1;
			remoteGlobalIDString = 2779AAF01517A8B200AE4EE6;
			remoteInfo = Interact;
		};
/* End PBXContainerItemProxy section */

/* Begin PBXFileReference section */
		2719BE911518EDCF00B12461 /* IAImage.h */ = {isa = PBXFileReference; fileEncoding = 4; lastKnownFileType = sourcecode.c.h; path = IAImage.h; sourceTree = "<group>"; };
		2719BE921518EDCF00B12461 /* IAImage.m */ = {isa = PBXFileReference; fileEncoding = 4; lastKnownFileType = sourcecode.c.objc; path = IAImage.m; sourceTree = "<group>"; };
		2719BE941518EEEA00B12461 /* IAImageViewController.h */ = {isa = PBXFileReference; fileEncoding = 4; lastKnownFileType = sourcecode.c.h; path = IAImageViewController.h; sourceTree = "<group>"; };
		2719BE951518EEEA00B12461 /* IAImageViewController.m */ = {isa = PBXFileReference; fileEncoding = 4; lastKnownFileType = sourcecode.c.objc; path = IAImageViewController.m; sourceTree = "<group>"; };
		2719BE9F1518F14300B12461 /* IAImageProvider.h */ = {isa = PBXFileReference; fileEncoding = 4; lastKnownFileType = sourcecode.c.h; path = IAImageProvider.h; sourceTree = "<group>"; };
		2719BEA01518F14300B12461 /* IAImageProvider.m */ = {isa = PBXFileReference; fileEncoding = 4; lastKnownFileType = sourcecode.c.objc; path = IAImageProvider.m; sourceTree = "<group>"; };
		2719BEA11518F14300B12461 /* IAImageServer.h */ = {isa = PBXFileReference; fileEncoding = 4; lastKnownFileType = sourcecode.c.h; path = IAImageServer.h; sourceTree = "<group>"; };
		2719BEA21518F14300B12461 /* IAImageServer.m */ = {isa = PBXFileReference; fileEncoding = 4; lastKnownFileType = sourcecode.c.objc; path = IAImageServer.m; sourceTree = "<group>"; };
		2719BEAC1518F53100B12461 /* IAImageClient.h */ = {isa = PBXFileReference; fileEncoding = 4; lastKnownFileType = sourcecode.c.h; path = IAImageClient.h; sourceTree = "<group>"; };
		2719BEAD1518F53100B12461 /* IAImageClient.m */ = {isa = PBXFileReference; fileEncoding = 4; lastKnownFileType = sourcecode.c.objc; path = IAImageClient.m; sourceTree = "<group>"; };
		273166001517BD14005439AE /* MobileCoreServices.framework */ = {isa = PBXFileReference; lastKnownFileType = wrapper.framework; name = MobileCoreServices.framework; path = System/Library/Frameworks/MobileCoreServices.framework; sourceTree = SDKROOT; };
		273166021517BD1F005439AE /* SystemConfiguration.framework */ = {isa = PBXFileReference; lastKnownFileType = wrapper.framework; name = SystemConfiguration.framework; path = System/Library/Frameworks/SystemConfiguration.framework; sourceTree = SDKROOT; };
		273166041517BD2F005439AE /* Security.framework */ = {isa = PBXFileReference; lastKnownFileType = wrapper.framework; name = Security.framework; path = System/Library/Frameworks/Security.framework; sourceTree = SDKROOT; };
		2731662B1517CFF4005439AE /* IADeviceTableViewController.h */ = {isa = PBXFileReference; fileEncoding = 4; lastKnownFileType = sourcecode.c.h; path = IADeviceTableViewController.h; sourceTree = "<group>"; };
		2731662C1517CFF4005439AE /* IADeviceTableViewController.m */ = {isa = PBXFileReference; fileEncoding = 4; lastKnownFileType = sourcecode.c.objc; path = IADeviceTableViewController.m; sourceTree = "<group>"; };
		2731662E1517D03C005439AE /* IAImageTableViewController.h */ = {isa = PBXFileReference; fileEncoding = 4; lastKnownFileType = sourcecode.c.h; path = IAImageTableViewController.h; sourceTree = "<group>"; };
		2731662F1517D03C005439AE /* IAImageTableViewController.m */ = {isa = PBXFileReference; fileEncoding = 4; lastKnownFileType = sourcecode.c.objc; path = IAImageTableViewController.m; sourceTree = "<group>"; };
		273166311517D07A005439AE /* IADevice.h */ = {isa = PBXFileReference; fileEncoding = 4; lastKnownFileType = sourcecode.c.h; path = IADevice.h; sourceTree = "<group>"; };
		273166321517D07A005439AE /* IADevice.m */ = {isa = PBXFileReference; fileEncoding = 4; lastKnownFileType = sourcecode.c.objc; path = IADevice.m; sourceTree = "<group>"; };
		275332DC1523DFE5002B0E6E /* CocoaAsyncSocket.framework */ = {isa = PBXFileReference; lastKnownFileType = wrapper.framework; name = CocoaAsyncSocket.framework; path = Frameworks/CocoaAsyncSocket.framework; sourceTree = "<group>"; };
		275332DD1523DFE5002B0E6E /* CocoaHTTPServer.framework */ = {isa = PBXFileReference; lastKnownFileType = wrapper.framework; name = CocoaHTTPServer.framework; path = Frameworks/CocoaHTTPServer.framework; sourceTree = "<group>"; };
		275332DE1523DFE5002B0E6E /* CocoaLumberjack.framework */ = {isa = PBXFileReference; lastKnownFileType = wrapper.framework; name = CocoaLumberjack.framework; path = Frameworks/CocoaLumberjack.framework; sourceTree = "<group>"; };
		275332E21523E006002B0E6E /* RestKit+Blocks.framework */ = {isa = PBXFileReference; lastKnownFileType = wrapper.framework; name = "RestKit+Blocks.framework"; path = "Frameworks/RestKit+Blocks.framework"; sourceTree = "<group>"; };
		275332E31523E006002B0E6E /* RoutingHTTPServer.framework */ = {isa = PBXFileReference; lastKnownFileType = wrapper.framework; name = RoutingHTTPServer.framework; path = Frameworks/RoutingHTTPServer.framework; sourceTree = "<group>"; };
		2779AAF11517A8B200AE4EE6 /* Interact.app */ = {isa = PBXFileReference; explicitFileType = wrapper.application; includeInIndex = 0; path = Interact.app; sourceTree = BUILT_PRODUCTS_DIR; };
		2779AAF51517A8B200AE4EE6 /* UIKit.framework */ = {isa = PBXFileReference; lastKnownFileType = wrapper.framework; name = UIKit.framework; path = System/Library/Frameworks/UIKit.framework; sourceTree = SDKROOT; };
		2779AAF71517A8B200AE4EE6 /* Foundation.framework */ = {isa = PBXFileReference; lastKnownFileType = wrapper.framework; name = Foundation.framework; path = System/Library/Frameworks/Foundation.framework; sourceTree = SDKROOT; };
		2779AAF91517A8B200AE4EE6 /* CoreGraphics.framework */ = {isa = PBXFileReference; lastKnownFileType = wrapper.framework; name = CoreGraphics.framework; path = System/Library/Frameworks/CoreGraphics.framework; sourceTree = SDKROOT; };
		2779AAFD1517A8B200AE4EE6 /* Interact-Info.plist */ = {isa = PBXFileReference; lastKnownFileType = text.plist.xml; path = "Interact-Info.plist"; sourceTree = "<group>"; };
		2779AAFF1517A8B200AE4EE6 /* en */ = {isa = PBXFileReference; lastKnownFileType = text.plist.strings; name = en; path = en.lproj/InfoPlist.strings; sourceTree = "<group>"; };
		2779AB011517A8B200AE4EE6 /* main.m */ = {isa = PBXFileReference; lastKnownFileType = sourcecode.c.objc; path = main.m; sourceTree = "<group>"; };
		2779AB031517A8B200AE4EE6 /* Interact-Prefix.pch */ = {isa = PBXFileReference; lastKnownFileType = sourcecode.c.h; path = "Interact-Prefix.pch"; sourceTree = "<group>"; };
		2779AB041517A8B200AE4EE6 /* IAAppDelegate.h */ = {isa = PBXFileReference; lastKnownFileType = sourcecode.c.h; path = IAAppDelegate.h; sourceTree = "<group>"; };
		2779AB051517A8B200AE4EE6 /* IAAppDelegate.m */ = {isa = PBXFileReference; lastKnownFileType = sourcecode.c.objc; path = IAAppDelegate.m; sourceTree = "<group>"; };
		2779AB081517A8B200AE4EE6 /* en */ = {isa = PBXFileReference; lastKnownFileType = file.storyboard; name = en; path = en.lproj/MainStoryboard_iPhone.storyboard; sourceTree = "<group>"; };
		2779AB0B1517A8B200AE4EE6 /* en */ = {isa = PBXFileReference; lastKnownFileType = file.storyboard; name = en; path = en.lproj/MainStoryboard_iPad.storyboard; sourceTree = "<group>"; };
		2779AB151517A8B200AE4EE6 /* InteractTests.octest */ = {isa = PBXFileReference; explicitFileType = wrapper.cfbundle; includeInIndex = 0; path = InteractTests.octest; sourceTree = BUILT_PRODUCTS_DIR; };
		2779AB161517A8B200AE4EE6 /* SenTestingKit.framework */ = {isa = PBXFileReference; lastKnownFileType = wrapper.framework; name = SenTestingKit.framework; path = Library/Frameworks/SenTestingKit.framework; sourceTree = DEVELOPER_DIR; };
		2779AB1E1517A8B200AE4EE6 /* InteractTests-Info.plist */ = {isa = PBXFileReference; lastKnownFileType = text.plist.xml; path = "InteractTests-Info.plist"; sourceTree = "<group>"; };
		2779AB201517A8B200AE4EE6 /* en */ = {isa = PBXFileReference; lastKnownFileType = text.plist.strings; name = en; path = en.lproj/InfoPlist.strings; sourceTree = "<group>"; };
		2779AB231517A8B200AE4EE6 /* InteractTests.m */ = {isa = PBXFileReference; lastKnownFileType = sourcecode.c.objc; path = InteractTests.m; sourceTree = "<group>"; };
		2779AB711517A9AE00AE4EE6 /* CFNetwork.framework */ = {isa = PBXFileReference; lastKnownFileType = wrapper.framework; name = CFNetwork.framework; path = System/Library/Frameworks/CFNetwork.framework; sourceTree = SDKROOT; };
		2779AB9B1517ACDE00AE4EE6 /* libxml2.dylib */ = {isa = PBXFileReference; lastKnownFileType = "compiled.mach-o.dylib"; name = libxml2.dylib; path = usr/lib/libxml2.dylib; sourceTree = SDKROOT; };
		2779AB9D1517ACE400AE4EE6 /* CoreData.framework */ = {isa = PBXFileReference; lastKnownFileType = wrapper.framework; name = CoreData.framework; path = System/Library/Frameworks/CoreData.framework; sourceTree = SDKROOT; };
		27A66B171524D144001D04B8 /* IAServer.h */ = {isa = PBXFileReference; fileEncoding = 4; lastKnownFileType = sourcecode.c.h; path = IAServer.h; sourceTree = "<group>"; };
		27BB876A15240AF0002112F2 /* IAImages.h */ = {isa = PBXFileReference; fileEncoding = 4; lastKnownFileType = sourcecode.c.h; path = IAImages.h; sourceTree = "<group>"; };
		27BB876B15240AF0002112F2 /* IAImages.m */ = {isa = PBXFileReference; fileEncoding = 4; lastKnownFileType = sourcecode.c.objc; path = IAImages.m; sourceTree = "<group>"; };
		27BB876E1524175A002112F2 /* IAInteract.h */ = {isa = PBXFileReference; fileEncoding = 4; lastKnownFileType = sourcecode.c.h; path = IAInteract.h; sourceTree = "<group>"; };
		27BB876F1524175A002112F2 /* IAInteract.m */ = {isa = PBXFileReference; fileEncoding = 4; lastKnownFileType = sourcecode.c.objc; path = IAInteract.m; sourceTree = "<group>"; };
		27DAC3C31523EF6900622A50 /* RestKit.framework */ = {isa = PBXFileReference; lastKnownFileType = wrapper.framework; name = RestKit.framework; path = Frameworks/RestKit.framework; sourceTree = "<group>"; };
/* End PBXFileReference section */

/* Begin PBXFrameworksBuildPhase section */
		2779AAEE1517A8B200AE4EE6 /* Frameworks */ = {
			isa = PBXFrameworksBuildPhase;
			buildActionMask = 2147483647;
			files = (
				2779AAFA1517A8B200AE4EE6 /* CoreGraphics.framework in Frameworks */,
				2779AB721517A9AE00AE4EE6 /* CFNetwork.framework in Frameworks */,
				275332DF1523DFE5002B0E6E /* CocoaAsyncSocket.framework in Frameworks */,
				275332E01523DFE5002B0E6E /* CocoaHTTPServer.framework in Frameworks */,
				275332E11523DFE5002B0E6E /* CocoaLumberjack.framework in Frameworks */,
				2779AB9E1517ACE400AE4EE6 /* CoreData.framework in Frameworks */,
				2779AAF81517A8B200AE4EE6 /* Foundation.framework in Frameworks */,
				2779AB9C1517ACDE00AE4EE6 /* libxml2.dylib in Frameworks */,
				273166011517BD14005439AE /* MobileCoreServices.framework in Frameworks */,
				27DAC3C41523EF6900622A50 /* RestKit.framework in Frameworks */,
				275332E41523E006002B0E6E /* RestKit+Blocks.framework in Frameworks */,
				275332E51523E006002B0E6E /* RoutingHTTPServer.framework in Frameworks */,
				273166051517BD2F005439AE /* Security.framework in Frameworks */,
				273166031517BD1F005439AE /* SystemConfiguration.framework in Frameworks */,
				2779AAF61517A8B200AE4EE6 /* UIKit.framework in Frameworks */,
			);
			runOnlyForDeploymentPostprocessing = 0;
		};
		2779AB111517A8B200AE4EE6 /* Frameworks */ = {
			isa = PBXFrameworksBuildPhase;
			buildActionMask = 2147483647;
			files = (
				2779AB171517A8B200AE4EE6 /* SenTestingKit.framework in Frameworks */,
				27DAC3B11523EC9A00622A50 /* CocoaAsyncSocket.framework in Frameworks */,
				27DAC3B21523EC9A00622A50 /* CocoaHTTPServer.framework in Frameworks */,
				27DAC3B31523EC9A00622A50 /* CocoaLumberjack.framework in Frameworks */,
				27DAC3A91523EC0B00622A50 /* CFNetwork.framework in Frameworks */,
				27DAC3AC1523EC1800622A50 /* CoreData.framework in Frameworks */,
				2779AB191517A8B200AE4EE6 /* Foundation.framework in Frameworks */,
				27DAC3AF1523EC3800622A50 /* libxml2.dylib in Frameworks */,
				27DAC3AD1523EC2300622A50 /* MobileCoreServices.framework in Frameworks */,
				27DAC3C51523EF6900622A50 /* RestKit.framework in Frameworks */,
				27DAC3B01523EC5F00622A50 /* RestKit+Blocks.framework in Frameworks */,
				27DAC3B41523EC9E00622A50 /* RoutingHTTPServer.framework in Frameworks */,
				27DAC3AB1523EC1300622A50 /* Security.framework in Frameworks */,
				27DAC3AE1523EC2700622A50 /* SystemConfiguration.framework in Frameworks */,
				2779AB181517A8B200AE4EE6 /* UIKit.framework in Frameworks */,
			);
			runOnlyForDeploymentPostprocessing = 0;
		};
/* End PBXFrameworksBuildPhase section */

/* Begin PBXGroup section */
		2719BEA51518F18A00B12461 /* Model */ = {
			isa = PBXGroup;
			children = (
				273166311517D07A005439AE /* IADevice.h */,
				273166321517D07A005439AE /* IADevice.m */,
				2719BE911518EDCF00B12461 /* IAImage.h */,
				2719BE921518EDCF00B12461 /* IAImage.m */,
				27BB876A15240AF0002112F2 /* IAImages.h */,
				27BB876B15240AF0002112F2 /* IAImages.m */,
			);
			name = Model;
			sourceTree = "<group>";
		};
		2719BEA61518F19F00B12461 /* Client */ = {
			isa = PBXGroup;
			children = (
				2779AB071517A8B200AE4EE6 /* MainStoryboard_iPhone.storyboard */,
				2779AB0A1517A8B200AE4EE6 /* MainStoryboard_iPad.storyboard */,
				2731662B1517CFF4005439AE /* IADeviceTableViewController.h */,
				2731662C1517CFF4005439AE /* IADeviceTableViewController.m */,
				2731662E1517D03C005439AE /* IAImageTableViewController.h */,
				2731662F1517D03C005439AE /* IAImageTableViewController.m */,
				2719BE941518EEEA00B12461 /* IAImageViewController.h */,
				2719BE951518EEEA00B12461 /* IAImageViewController.m */,
				2719BEAC1518F53100B12461 /* IAImageClient.h */,
				2719BEAD1518F53100B12461 /* IAImageClient.m */,
			);
			name = Client;
			sourceTree = "<group>";
		};
		2719BEA71518F1AA00B12461 /* Server */ = {
			isa = PBXGroup;
			children = (
				2719BE9F1518F14300B12461 /* IAImageProvider.h */,
				2719BEA01518F14300B12461 /* IAImageProvider.m */,
				2719BEA11518F14300B12461 /* IAImageServer.h */,
				2719BEA21518F14300B12461 /* IAImageServer.m */,
				27A66B171524D144001D04B8 /* IAServer.h */,
			);
			name = Server;
			sourceTree = "<group>";
		};
		2779AAE61517A8B200AE4EE6 = {
			isa = PBXGroup;
			children = (
				2779AAFB1517A8B200AE4EE6 /* Interact */,
				2779AB1C1517A8B200AE4EE6 /* InteractTests */,
				2779AAF41517A8B200AE4EE6 /* Frameworks */,
				2779AAF21517A8B200AE4EE6 /* Products */,
			);
			sourceTree = "<group>";
		};
		2779AAF21517A8B200AE4EE6 /* Products */ = {
			isa = PBXGroup;
			children = (
				2779AAF11517A8B200AE4EE6 /* Interact.app */,
				2779AB151517A8B200AE4EE6 /* InteractTests.octest */,
			);
			name = Products;
			sourceTree = "<group>";
		};
		2779AAF41517A8B200AE4EE6 /* Frameworks */ = {
			isa = PBXGroup;
			children = (
				2779AAF91517A8B200AE4EE6 /* CoreGraphics.framework */,
				2779AB161517A8B200AE4EE6 /* SenTestingKit.framework */,
				275332DC1523DFE5002B0E6E /* CocoaAsyncSocket.framework */,
				275332DD1523DFE5002B0E6E /* CocoaHTTPServer.framework */,
				275332DE1523DFE5002B0E6E /* CocoaLumberjack.framework */,
				2779AB711517A9AE00AE4EE6 /* CFNetwork.framework */,
				2779AB9D1517ACE400AE4EE6 /* CoreData.framework */,
				2779AAF71517A8B200AE4EE6 /* Foundation.framework */,
				2779AB9B1517ACDE00AE4EE6 /* libxml2.dylib */,
				273166001517BD14005439AE /* MobileCoreServices.framework */,
				27DAC3C31523EF6900622A50 /* RestKit.framework */,
				275332E21523E006002B0E6E /* RestKit+Blocks.framework */,
				275332E31523E006002B0E6E /* RoutingHTTPServer.framework */,
				273166041517BD2F005439AE /* Security.framework */,
				273166021517BD1F005439AE /* SystemConfiguration.framework */,
				2779AAF51517A8B200AE4EE6 /* UIKit.framework */,
			);
			name = Frameworks;
			sourceTree = "<group>";
		};
		2779AAFB1517A8B200AE4EE6 /* Interact */ = {
			isa = PBXGroup;
			children = (
				27BB876D15241743002112F2 /* Shared */,
				2719BEA61518F19F00B12461 /* Client */,
				2719BEA71518F1AA00B12461 /* Server */,
				2719BEA51518F18A00B12461 /* Model */,
				2779AAFC1517A8B200AE4EE6 /* Supporting Files */,
			);
			path = Interact;
			sourceTree = "<group>";
		};
		2779AAFC1517A8B200AE4EE6 /* Supporting Files */ = {
			isa = PBXGroup;
			children = (
				2779AB031517A8B200AE4EE6 /* Interact-Prefix.pch */,
				2779AB041517A8B200AE4EE6 /* IAAppDelegate.h */,
				2779AB051517A8B200AE4EE6 /* IAAppDelegate.m */,
				2779AAFD1517A8B200AE4EE6 /* Interact-Info.plist */,
				2779AAFE1517A8B200AE4EE6 /* InfoPlist.strings */,
				2779AB011517A8B200AE4EE6 /* main.m */,
			);
			name = "Supporting Files";
			sourceTree = "<group>";
		};
		2779AB1C1517A8B200AE4EE6 /* InteractTests */ = {
			isa = PBXGroup;
			children = (
				2779AB231517A8B200AE4EE6 /* InteractTests.m */,
				2779AB1D1517A8B200AE4EE6 /* Supporting Files */,
			);
			path = InteractTests;
			sourceTree = "<group>";
		};
		2779AB1D1517A8B200AE4EE6 /* Supporting Files */ = {
			isa = PBXGroup;
			children = (
				2779AB1E1517A8B200AE4EE6 /* InteractTests-Info.plist */,
				2779AB1F1517A8B200AE4EE6 /* InfoPlist.strings */,
			);
			name = "Supporting Files";
			sourceTree = "<group>";
		};
		27BB876D15241743002112F2 /* Shared */ = {
			isa = PBXGroup;
			children = (
				27BB876E1524175A002112F2 /* IAInteract.h */,
				27BB876F1524175A002112F2 /* IAInteract.m */,
			);
			name = Shared;
			sourceTree = "<group>";
		};
/* End PBXGroup section */

/* Begin PBXNativeTarget section */
		2779AAF01517A8B200AE4EE6 /* Interact */ = {
			isa = PBXNativeTarget;
			buildConfigurationList = 2779AB271517A8B200AE4EE6 /* Build configuration list for PBXNativeTarget "Interact" */;
			buildPhases = (
				2779AAED1517A8B200AE4EE6 /* Sources */,
				2779AAEE1517A8B200AE4EE6 /* Frameworks */,
				2779AAEF1517A8B200AE4EE6 /* Resources */,
			);
			buildRules = (
			);
			dependencies = (
			);
			name = Interact;
			productName = Interact;
			productReference = 2779AAF11517A8B200AE4EE6 /* Interact.app */;
			productType = "com.apple.product-type.application";
		};
		2779AB141517A8B200AE4EE6 /* InteractTests */ = {
			isa = PBXNativeTarget;
			buildConfigurationList = 2779AB2A1517A8B200AE4EE6 /* Build configuration list for PBXNativeTarget "InteractTests" */;
			buildPhases = (
				2779AB101517A8B200AE4EE6 /* Sources */,
				2779AB111517A8B200AE4EE6 /* Frameworks */,
				2779AB121517A8B200AE4EE6 /* Resources */,
				2779AB131517A8B200AE4EE6 /* ShellScript */,
			);
			buildRules = (
			);
			dependencies = (
				2779AB1B1517A8B200AE4EE6 /* PBXTargetDependency */,
			);
			name = InteractTests;
			productName = InteractTests;
			productReference = 2779AB151517A8B200AE4EE6 /* InteractTests.octest */;
			productType = "com.apple.product-type.bundle";
		};
/* End PBXNativeTarget section */

/* Begin PBXProject section */
		2779AAE81517A8B200AE4EE6 /* Project object */ = {
			isa = PBXProject;
			attributes = {
				CLASSPREFIX = IA;
				LastUpgradeCheck = 0430;
				ORGANIZATIONNAME = "Fachhochschule Gelsenkirchen Abt. Bocholt";
			};
			buildConfigurationList = 2779AAEB1517A8B200AE4EE6 /* Build configuration list for PBXProject "Interact" */;
			compatibilityVersion = "Xcode 3.2";
			developmentRegion = English;
			hasScannedForEncodings = 0;
			knownRegions = (
				en,
			);
			mainGroup = 2779AAE61517A8B200AE4EE6;
			productRefGroup = 2779AAF21517A8B200AE4EE6 /* Products */;
			projectDirPath = "";
			projectRoot = "";
			targets = (
				2779AAF01517A8B200AE4EE6 /* Interact */,
				2779AB141517A8B200AE4EE6 /* InteractTests */,
			);
		};
/* End PBXProject section */

/* Begin PBXResourcesBuildPhase section */
		2779AAEF1517A8B200AE4EE6 /* Resources */ = {
			isa = PBXResourcesBuildPhase;
			buildActionMask = 2147483647;
			files = (
				2779AB001517A8B200AE4EE6 /* InfoPlist.strings in Resources */,
				2779AB091517A8B200AE4EE6 /* MainStoryboard_iPhone.storyboard in Resources */,
				2779AB0C1517A8B200AE4EE6 /* MainStoryboard_iPad.storyboard in Resources */,
			);
			runOnlyForDeploymentPostprocessing = 0;
		};
		2779AB121517A8B200AE4EE6 /* Resources */ = {
			isa = PBXResourcesBuildPhase;
			buildActionMask = 2147483647;
			files = (
				2779AB211517A8B200AE4EE6 /* InfoPlist.strings in Resources */,
			);
			runOnlyForDeploymentPostprocessing = 0;
		};
/* End PBXResourcesBuildPhase section */

/* Begin PBXShellScriptBuildPhase section */
		2779AB131517A8B200AE4EE6 /* ShellScript */ = {
			isa = PBXShellScriptBuildPhase;
			buildActionMask = 2147483647;
			files = (
			);
			inputPaths = (
			);
			outputPaths = (
			);
			runOnlyForDeploymentPostprocessing = 0;
			shellPath = /bin/sh;
			shellScript = "# Run the unit tests in this test bundle.\n\"${SYSTEM_DEVELOPER_DIR}/Tools/RunUnitTests\"\n";
		};
/* End PBXShellScriptBuildPhase section */

/* Begin PBXSourcesBuildPhase section */
		2779AAED1517A8B200AE4EE6 /* Sources */ = {
			isa = PBXSourcesBuildPhase;
			buildActionMask = 2147483647;
			files = (
				2779AB021517A8B200AE4EE6 /* main.m in Sources */,
				2779AB061517A8B200AE4EE6 /* IAAppDelegate.m in Sources */,
				2731662D1517CFF4005439AE /* IADeviceTableViewController.m in Sources */,
				273166301517D03C005439AE /* IAImageTableViewController.m in Sources */,
				273166331517D07A005439AE /* IADevice.m in Sources */,
				2719BE931518EDCF00B12461 /* IAImage.m in Sources */,
				2719BE961518EEEA00B12461 /* IAImageViewController.m in Sources */,
				2719BEA31518F14300B12461 /* IAImageProvider.m in Sources */,
				2719BEA41518F14300B12461 /* IAImageServer.m in Sources */,
				2719BEAE1518F53100B12461 /* IAImageClient.m in Sources */,
				27BB876C15240AF0002112F2 /* IAImages.m in Sources */,
				27BB87701524175A002112F2 /* IAInteract.m in Sources */,
			);
			runOnlyForDeploymentPostprocessing = 0;
		};
		2779AB101517A8B200AE4EE6 /* Sources */ = {
			isa = PBXSourcesBuildPhase;
			buildActionMask = 2147483647;
			files = (
				2779AB241517A8B200AE4EE6 /* InteractTests.m in Sources */,
			);
			runOnlyForDeploymentPostprocessing = 0;
		};
/* End PBXSourcesBuildPhase section */

/* Begin PBXTargetDependency section */
		2779AB1B1517A8B200AE4EE6 /* PBXTargetDependency */ = {
			isa = PBXTargetDependency;
			target = 2779AAF01517A8B200AE4EE6 /* Interact */;
			targetProxy = 2779AB1A1517A8B200AE4EE6 /* PBXContainerItemProxy */;
		};
/* End PBXTargetDependency section */

/* Begin PBXVariantGroup section */
		2779AAFE1517A8B200AE4EE6 /* InfoPlist.strings */ = {
			isa = PBXVariantGroup;
			children = (
				2779AAFF1517A8B200AE4EE6 /* en */,
			);
			name = InfoPlist.strings;
			sourceTree = "<group>";
		};
		2779AB071517A8B200AE4EE6 /* MainStoryboard_iPhone.storyboard */ = {
			isa = PBXVariantGroup;
			children = (
				2779AB081517A8B200AE4EE6 /* en */,
			);
			name = MainStoryboard_iPhone.storyboard;
			sourceTree = "<group>";
		};
		2779AB0A1517A8B200AE4EE6 /* MainStoryboard_iPad.storyboard */ = {
			isa = PBXVariantGroup;
			children = (
				2779AB0B1517A8B200AE4EE6 /* en */,
			);
			name = MainStoryboard_iPad.storyboard;
			sourceTree = "<group>";
		};
		2779AB1F1517A8B200AE4EE6 /* InfoPlist.strings */ = {
			isa = PBXVariantGroup;
			children = (
				2779AB201517A8B200AE4EE6 /* en */,
			);
			name = InfoPlist.strings;
			sourceTree = "<group>";
		};
/* End PBXVariantGroup section */

/* Begin XCBuildConfiguration section */
		2779AB251517A8B200AE4EE6 /* Debug */ = {
			isa = XCBuildConfiguration;
			buildSettings = {
				ALWAYS_SEARCH_USER_PATHS = NO;
				ARCHS = "$(ARCHS_STANDARD_32_BIT)";
				CLANG_ENABLE_OBJC_ARC = YES;
				"CODE_SIGN_IDENTITY[sdk=iphoneos*]" = "iPhone Developer";
				COPY_PHASE_STRIP = NO;
				GCC_C_LANGUAGE_STANDARD = gnu99;
				GCC_DYNAMIC_NO_PIC = NO;
				GCC_OPTIMIZATION_LEVEL = 0;
				GCC_PREPROCESSOR_DEFINITIONS = (
					"DEBUG=1",
					"$(inherited)",
				);
				GCC_SYMBOLS_PRIVATE_EXTERN = NO;
				GCC_VERSION = com.apple.compilers.llvm.clang.1_0;
				GCC_WARN_ABOUT_RETURN_TYPE = YES;
				GCC_WARN_UNINITIALIZED_AUTOS = YES;
				GCC_WARN_UNUSED_VARIABLE = YES;
				IPHONEOS_DEPLOYMENT_TARGET = 5.1;
				SDKROOT = iphoneos;
				TARGETED_DEVICE_FAMILY = "1,2";
			};
			name = Debug;
		};
		2779AB261517A8B200AE4EE6 /* Release */ = {
			isa = XCBuildConfiguration;
			buildSettings = {
				ALWAYS_SEARCH_USER_PATHS = NO;
				ARCHS = "$(ARCHS_STANDARD_32_BIT)";
				CLANG_ENABLE_OBJC_ARC = YES;
				"CODE_SIGN_IDENTITY[sdk=iphoneos*]" = "iPhone Developer";
				COPY_PHASE_STRIP = YES;
				GCC_C_LANGUAGE_STANDARD = gnu99;
				GCC_VERSION = com.apple.compilers.llvm.clang.1_0;
				GCC_WARN_ABOUT_RETURN_TYPE = YES;
				GCC_WARN_UNINITIALIZED_AUTOS = YES;
				GCC_WARN_UNUSED_VARIABLE = YES;
				IPHONEOS_DEPLOYMENT_TARGET = 5.1;
				OTHER_CFLAGS = "-DNS_BLOCK_ASSERTIONS=1";
				SDKROOT = iphoneos;
				TARGETED_DEVICE_FAMILY = "1,2";
				VALIDATE_PRODUCT = YES;
			};
			name = Release;
		};
		2779AB281517A8B200AE4EE6 /* Debug */ = {
			isa = XCBuildConfiguration;
			buildSettings = {
				FRAMEWORK_SEARCH_PATHS = (
					"$(inherited)",
					"\"$(SRCROOT)/../Frameworks\"",
					"\"$(SRCROOT)/Frameworks\"",
				);
				GCC_PRECOMPILE_PREFIX_HEADER = YES;
				GCC_PREFIX_HEADER = "Interact/Interact-Prefix.pch";
				INFOPLIST_FILE = "Interact/Interact-Info.plist";
				OTHER_LDFLAGS = "-ObjC";
				PRODUCT_NAME = "$(TARGET_NAME)";
				WRAPPER_EXTENSION = app;
			};
			name = Debug;
		};
		2779AB291517A8B200AE4EE6 /* Release */ = {
			isa = XCBuildConfiguration;
			buildSettings = {
				FRAMEWORK_SEARCH_PATHS = (
					"$(inherited)",
					"\"$(SRCROOT)/../Frameworks\"",
					"\"$(SRCROOT)/Frameworks\"",
				);
				GCC_PRECOMPILE_PREFIX_HEADER = YES;
				GCC_PREFIX_HEADER = "Interact/Interact-Prefix.pch";
				INFOPLIST_FILE = "Interact/Interact-Info.plist";
				OTHER_LDFLAGS = "-ObjC";
				PRODUCT_NAME = "$(TARGET_NAME)";
				WRAPPER_EXTENSION = app;
			};
			name = Release;
		};
		2779AB2B1517A8B200AE4EE6 /* Debug */ = {
			isa = XCBuildConfiguration;
			buildSettings = {
				BUNDLE_LOADER = "$(BUILT_PRODUCTS_DIR)/Interact.app/Interact";
				FRAMEWORK_SEARCH_PATHS = (
					"$(SDKROOT)/Developer/Library/Frameworks",
					"$(DEVELOPER_LIBRARY_DIR)/Frameworks",
					"\"$(SRCROOT)/../Frameworks\"",
					"\"$(SRCROOT)/Frameworks\"",
				);
				GCC_PRECOMPILE_PREFIX_HEADER = YES;
				GCC_PREFIX_HEADER = "Interact/Interact-Prefix.pch";
				INFOPLIST_FILE = "InteractTests/InteractTests-Info.plist";
				PRODUCT_NAME = "$(TARGET_NAME)";
				TEST_AFTER_BUILD = NO;
				TEST_HOST = "$(BUNDLE_LOADER)";
				WRAPPER_EXTENSION = octest;
			};
			name = Debug;
		};
		2779AB2C1517A8B200AE4EE6 /* Release */ = {
			isa = XCBuildConfiguration;
			buildSettings = {
				BUNDLE_LOADER = "$(BUILT_PRODUCTS_DIR)/Interact.app/Interact";
				FRAMEWORK_SEARCH_PATHS = (
					"$(SDKROOT)/Developer/Library/Frameworks",
					"$(DEVELOPER_LIBRARY_DIR)/Frameworks",
					"\"$(SRCROOT)/../Frameworks\"",
					"\"$(SRCROOT)/Frameworks\"",
				);
				GCC_PRECOMPILE_PREFIX_HEADER = YES;
				GCC_PREFIX_HEADER = "Interact/Interact-Prefix.pch";
				INFOPLIST_FILE = "InteractTests/InteractTests-Info.plist";
				PRODUCT_NAME = "$(TARGET_NAME)";
				TEST_AFTER_BUILD = NO;
				TEST_HOST = "$(BUNDLE_LOADER)";
				WRAPPER_EXTENSION = octest;
			};
			name = Release;
		};
/* End XCBuildConfiguration section */

/* Begin XCConfigurationList section */
		2779AAEB1517A8B200AE4EE6 /* Build configuration list for PBXProject "Interact" */ = {
			isa = XCConfigurationList;
			buildConfigurations = (
				2779AB251517A8B200AE4EE6 /* Debug */,
				2779AB261517A8B200AE4EE6 /* Release */,
			);
			defaultConfigurationIsVisible = 0;
			defaultConfigurationName = Release;
		};
		2779AB271517A8B200AE4EE6 /* Build configuration list for PBXNativeTarget "Interact" */ = {
			isa = XCConfigurationList;
			buildConfigurations = (
				2779AB281517A8B200AE4EE6 /* Debug */,
				2779AB291517A8B200AE4EE6 /* Release */,
			);
			defaultConfigurationIsVisible = 0;
			defaultConfigurationName = Release;
		};
		2779AB2A1517A8B200AE4EE6 /* Build configuration list for PBXNativeTarget "InteractTests" */ = {
			isa = XCConfigurationList;
			buildConfigurations = (
				2779AB2B1517A8B200AE4EE6 /* Debug */,
				2779AB2C1517A8B200AE4EE6 /* Release */,
			);
			defaultConfigurationIsVisible = 0;
			defaultConfigurationName = Release;
		};
/* End XCConfigurationList section */
	};
	rootObject = 2779AAE81517A8B200AE4EE6 /* Project object */;
}
