// !$*UTF8*$!
{
	archiveVersion = 1;
	classes = {
	};
	objectVersion = 46;
	objects = {

/* Begin PBXBuildFile section */
		2706F678157C013500C3A484 /* libMWPhotoBrowser.a in Frameworks */ = {isa = PBXBuildFile; fileRef = 2706F677157C00F100C3A484 /* libMWPhotoBrowser.a */; };
		2706F67A157C016400C3A484 /* MWPhotoBrowser.bundle in Resources */ = {isa = PBXBuildFile; fileRef = 2706F679157C016400C3A484 /* MWPhotoBrowser.bundle */; };
		2706F67C157C01AC00C3A484 /* MessageUI.framework in Frameworks */ = {isa = PBXBuildFile; fileRef = 2706F67B157C01AC00C3A484 /* MessageUI.framework */; };
		2706F67E157C01B300C3A484 /* ImageIO.framework in Frameworks */ = {isa = PBXBuildFile; fileRef = 2706F67D157C01B300C3A484 /* ImageIO.framework */; };
		2706F680157C02EA00C3A484 /* MapKit.framework in Frameworks */ = {isa = PBXBuildFile; fileRef = 2706F67F157C02EA00C3A484 /* MapKit.framework */; };
		270BCEE1162DDC370080E51D /* libCocoaAsyncSocket.a in Frameworks */ = {isa = PBXBuildFile; fileRef = 270BCEDB162DDC370080E51D /* libCocoaAsyncSocket.a */; };
		270BCEE2162DDC370080E51D /* libCocoaHTTPServer.a in Frameworks */ = {isa = PBXBuildFile; fileRef = 270BCEDC162DDC370080E51D /* libCocoaHTTPServer.a */; };
		270BCEE3162DDC370080E51D /* libCocoaLumberjack.a in Frameworks */ = {isa = PBXBuildFile; fileRef = 270BCEDD162DDC370080E51D /* libCocoaLumberjack.a */; };
		270BCEE4162DDC370080E51D /* libRestKit.a in Frameworks */ = {isa = PBXBuildFile; fileRef = 270BCEDE162DDC370080E51D /* libRestKit.a */; };
		270BCEE5162DDC370080E51D /* libRestKit+Blocks.a in Frameworks */ = {isa = PBXBuildFile; fileRef = 270BCEDF162DDC370080E51D /* libRestKit+Blocks.a */; };
		270BCEE6162DDC370080E51D /* libRoutingHTTPServer.a in Frameworks */ = {isa = PBXBuildFile; fileRef = 270BCEE0162DDC370080E51D /* libRoutingHTTPServer.a */; };
		270EAA8815462B4900880DFD /* CoreLocation.framework in Frameworks */ = {isa = PBXBuildFile; fileRef = 270EAA8615462A5400880DFD /* CoreLocation.framework */; };
		273166011517BD14005439AE /* MobileCoreServices.framework in Frameworks */ = {isa = PBXBuildFile; fileRef = 273166001517BD14005439AE /* MobileCoreServices.framework */; };
		273166031517BD1F005439AE /* SystemConfiguration.framework in Frameworks */ = {isa = PBXBuildFile; fileRef = 273166021517BD1F005439AE /* SystemConfiguration.framework */; };
		273166051517BD2F005439AE /* Security.framework in Frameworks */ = {isa = PBXBuildFile; fileRef = 273166041517BD2F005439AE /* Security.framework */; };
		27442C38153CC65E0017C744 /* AssetsLibrary.framework in Frameworks */ = {isa = PBXBuildFile; fileRef = 27442C37153CC65E0017C744 /* AssetsLibrary.framework */; };
		275F445A157A9AA0001BEB61 /* Icon-57.png in Resources */ = {isa = PBXBuildFile; fileRef = 275F4459157A9AA0001BEB61 /* Icon-57.png */; };
		275F445C157A9AA8001BEB61 /* Icon-114.png in Resources */ = {isa = PBXBuildFile; fileRef = 275F445B157A9AA8001BEB61 /* Icon-114.png */; };
		275F445E157A9AAC001BEB61 /* Icon-72.png in Resources */ = {isa = PBXBuildFile; fileRef = 275F445D157A9AAC001BEB61 /* Icon-72.png */; };
		275F4460157A9AAE001BEB61 /* Icon-144.png in Resources */ = {isa = PBXBuildFile; fileRef = 275F445F157A9AAE001BEB61 /* Icon-144.png */; };
		275F44FC157AA3DC001BEB61 /* Default.png in Resources */ = {isa = PBXBuildFile; fileRef = 275F44FB157AA3DC001BEB61 /* Default.png */; };
		275F44FE157AA3DE001BEB61 /* Default@2x.png in Resources */ = {isa = PBXBuildFile; fileRef = 275F44FD157AA3DE001BEB61 /* Default@2x.png */; };
		275F4500157AA3E3001BEB61 /* Default-Portrait~ipad.png in Resources */ = {isa = PBXBuildFile; fileRef = 275F44FF157AA3E3001BEB61 /* Default-Portrait~ipad.png */; };
		275F4502157AA3E5001BEB61 /* Default-Portrait@2x~ipad.png in Resources */ = {isa = PBXBuildFile; fileRef = 275F4501157AA3E5001BEB61 /* Default-Portrait@2x~ipad.png */; };
		275F4504157AA629001BEB61 /* Default-Landscape@2x~ipad.png in Resources */ = {isa = PBXBuildFile; fileRef = 275F4503157AA629001BEB61 /* Default-Landscape@2x~ipad.png */; };
		275F4506157AA62B001BEB61 /* Default-Landscape~ipad.png in Resources */ = {isa = PBXBuildFile; fileRef = 275F4505157AA62B001BEB61 /* Default-Landscape~ipad.png */; };
		2779AAF61517A8B200AE4EE6 /* UIKit.framework in Frameworks */ = {isa = PBXBuildFile; fileRef = 2779AAF51517A8B200AE4EE6 /* UIKit.framework */; };
		2779AAF81517A8B200AE4EE6 /* Foundation.framework in Frameworks */ = {isa = PBXBuildFile; fileRef = 2779AAF71517A8B200AE4EE6 /* Foundation.framework */; };
		2779AAFA1517A8B200AE4EE6 /* CoreGraphics.framework in Frameworks */ = {isa = PBXBuildFile; fileRef = 2779AAF91517A8B200AE4EE6 /* CoreGraphics.framework */; };
		2779AB721517A9AE00AE4EE6 /* CFNetwork.framework in Frameworks */ = {isa = PBXBuildFile; fileRef = 2779AB711517A9AE00AE4EE6 /* CFNetwork.framework */; };
		2779AB9C1517ACDE00AE4EE6 /* libxml2.dylib in Frameworks */ = {isa = PBXBuildFile; fileRef = 2779AB9B1517ACDE00AE4EE6 /* libxml2.dylib */; };
		2779AB9E1517ACE400AE4EE6 /* CoreData.framework in Frameworks */ = {isa = PBXBuildFile; fileRef = 2779AB9D1517ACE400AE4EE6 /* CoreData.framework */; };
		27884E00157CFBC30079BF3F /* IAPhotoBrowser.m in Sources */ = {isa = PBXBuildFile; fileRef = 27884DFF157CFBC30079BF3F /* IAPhotoBrowser.m */; };
		279CCBC2155491B500AC22C1 /* IAServer.m in Sources */ = {isa = PBXBuildFile; fileRef = 279CCBC1155491B500AC22C1 /* IAServer.m */; };
		27BFC74C1550BCF800799E34 /* libIntAirAct.a in Frameworks */ = {isa = PBXBuildFile; fileRef = 27BFC72C1550BB9B00799E34 /* libIntAirAct.a */; };
		27C49AE61550CD0E0044F61B /* InfoPlist.strings in Resources */ = {isa = PBXBuildFile; fileRef = 27C49AC71550CD0E0044F61B /* InfoPlist.strings */; };
		27C49AE71550CD0E0044F61B /* MainStoryboard_iPad.storyboard in Resources */ = {isa = PBXBuildFile; fileRef = 27C49AC91550CD0E0044F61B /* MainStoryboard_iPad.storyboard */; };
		27C49AE81550CD0E0044F61B /* MainStoryboard_iPhone.storyboard in Resources */ = {isa = PBXBuildFile; fileRef = 27C49ACB1550CD0E0044F61B /* MainStoryboard_iPhone.storyboard */; };
		27C49AE91550CD0E0044F61B /* IAAppDelegate.m in Sources */ = {isa = PBXBuildFile; fileRef = 27C49ACE1550CD0E0044F61B /* IAAppDelegate.m */; };
		27C49AEA1550CD0E0044F61B /* IADeviceTableViewController.m in Sources */ = {isa = PBXBuildFile; fileRef = 27C49AD01550CD0E0044F61B /* IADeviceTableViewController.m */; };
		27C49AEB1550CD0E0044F61B /* IAImage.m in Sources */ = {isa = PBXBuildFile; fileRef = 27C49AD21550CD0E0044F61B /* IAImage.m */; };
		27C49AEC1550CD0E0044F61B /* IAImageClient.m in Sources */ = {isa = PBXBuildFile; fileRef = 27C49AD41550CD0E0044F61B /* IAImageClient.m */; };
		27C49AF01550CD0E0044F61B /* IAImageTableViewController.m in Sources */ = {isa = PBXBuildFile; fileRef = 27C49ADC1550CD0E0044F61B /* IAImageTableViewController.m */; };
		27C49AF11550CD0E0044F61B /* IAImageViewController.m in Sources */ = {isa = PBXBuildFile; fileRef = 27C49ADE1550CD0E0044F61B /* IAImageViewController.m */; };
		27C49AF21550CD0E0044F61B /* IALocator.m in Sources */ = {isa = PBXBuildFile; fileRef = 27C49AE01550CD0E0044F61B /* IALocator.m */; };
		27C49AF31550CD0E0044F61B /* IASwipeGestureRecognizer.m in Sources */ = {isa = PBXBuildFile; fileRef = 27C49AE21550CD0E0044F61B /* IASwipeGestureRecognizer.m */; };
		27C49AF51550CD0E0044F61B /* main.m in Sources */ = {isa = PBXBuildFile; fileRef = 27C49AE51550CD0E0044F61B /* main.m */; };
		27E468081546353A009B342E /* CoreMotion.framework in Frameworks */ = {isa = PBXBuildFile; fileRef = 27E468071546353A009B342E /* CoreMotion.framework */; };
		27FCB5E4153CACD1004BBA84 /* QuartzCore.framework in Frameworks */ = {isa = PBXBuildFile; fileRef = 27FCB5E3153CACD1004BBA84 /* QuartzCore.framework */; };
/* End PBXBuildFile section */

/* Begin PBXContainerItemProxy section */
		2706F676157C00F100C3A484 /* PBXContainerItemProxy */ = {
			isa = PBXContainerItemProxy;
			containerPortal = 2706F66F157C00F100C3A484 /* MWPhotoBrowser.xcodeproj */;
			proxyType = 2;
			remoteGlobalIDString = 4C6F96C414AF704100F8389A;
			remoteInfo = MWPhotoBrowser;
		};
		27884E6E157D0BAF0079BF3F /* PBXContainerItemProxy */ = {
			isa = PBXContainerItemProxy;
			containerPortal = 2706F66F157C00F100C3A484 /* MWPhotoBrowser.xcodeproj */;
			proxyType = 1;
			remoteGlobalIDString = 4C6F96C314AF704100F8389A;
			remoteInfo = MWPhotoBrowser;
		};
		27BFC72B1550BB9B00799E34 /* PBXContainerItemProxy */ = {
			isa = PBXContainerItemProxy;
			containerPortal = 27BFC71E1550BB9B00799E34 /* IntAirAct.xcodeproj */;
			proxyType = 2;
			remoteGlobalIDString = 277E552C154A42AF002F307D;
			remoteInfo = IntAirActStaticIOS;
		};
		27BFC72D1550BB9B00799E34 /* PBXContainerItemProxy */ = {
			isa = PBXContainerItemProxy;
			containerPortal = 27BFC71E1550BB9B00799E34 /* IntAirAct.xcodeproj */;
			proxyType = 2;
			remoteGlobalIDString = 277E5549154A4384002F307D;
			remoteInfo = IntAirActOSX;
		};
		27BFC72F1550BB9B00799E34 /* PBXContainerItemProxy */ = {
			isa = PBXContainerItemProxy;
			containerPortal = 27BFC71E1550BB9B00799E34 /* IntAirAct.xcodeproj */;
			proxyType = 2;
			remoteGlobalIDString = 27FC6247154B36A400AA7502;
			remoteInfo = IntAirActIOSTests;
		};
		27BFC7311550BB9B00799E34 /* PBXContainerItemProxy */ = {
			isa = PBXContainerItemProxy;
			containerPortal = 27BFC71E1550BB9B00799E34 /* IntAirAct.xcodeproj */;
			proxyType = 2;
			remoteGlobalIDString = 27FC625F154B36AD00AA7502;
			remoteInfo = IntAirActOSXTests;
		};
		27BFC7341550BBA700799E34 /* PBXContainerItemProxy */ = {
			isa = PBXContainerItemProxy;
			containerPortal = 27BFC71E1550BB9B00799E34 /* IntAirAct.xcodeproj */;
			proxyType = 1;
			remoteGlobalIDString = 277E552B154A42AF002F307D;
			remoteInfo = IntAirActStaticIOS;
		};
/* End PBXContainerItemProxy section */

/* Begin PBXFileReference section */
		2706F66F157C00F100C3A484 /* MWPhotoBrowser.xcodeproj */ = {isa = PBXFileReference; lastKnownFileType = "wrapper.pb-project"; name = MWPhotoBrowser.xcodeproj; path = Frameworks/MWPhotoBrowser/MWPhotoBrowser/MWPhotoBrowser.xcodeproj; sourceTree = "<group>"; };
		2706F679157C016400C3A484 /* MWPhotoBrowser.bundle */ = {isa = PBXFileReference; lastKnownFileType = "wrapper.plug-in"; name = MWPhotoBrowser.bundle; path = Frameworks/MWPhotoBrowser/MWPhotoBrowser/MWPhotoBrowser.bundle; sourceTree = "<group>"; };
		2706F67B157C01AC00C3A484 /* MessageUI.framework */ = {isa = PBXFileReference; lastKnownFileType = wrapper.framework; name = MessageUI.framework; path = System/Library/Frameworks/MessageUI.framework; sourceTree = SDKROOT; };
		2706F67D157C01B300C3A484 /* ImageIO.framework */ = {isa = PBXFileReference; lastKnownFileType = wrapper.framework; name = ImageIO.framework; path = System/Library/Frameworks/ImageIO.framework; sourceTree = SDKROOT; };
		2706F67F157C02EA00C3A484 /* MapKit.framework */ = {isa = PBXFileReference; lastKnownFileType = wrapper.framework; name = MapKit.framework; path = System/Library/Frameworks/MapKit.framework; sourceTree = SDKROOT; };
		270BCEDB162DDC370080E51D /* libCocoaAsyncSocket.a */ = {isa = PBXFileReference; lastKnownFileType = archive.ar; name = libCocoaAsyncSocket.a; path = "../../../../Library/Developer/Xcode/DerivedData/IntAirActImageIOS-ekqpyboklshxbkbqioxncifskfqh/Build/Products/Debug-iphoneos/libCocoaAsyncSocket.a"; sourceTree = "<group>"; };
		270BCEDC162DDC370080E51D /* libCocoaHTTPServer.a */ = {isa = PBXFileReference; lastKnownFileType = archive.ar; name = libCocoaHTTPServer.a; path = "../../../../Library/Developer/Xcode/DerivedData/IntAirActImageIOS-ekqpyboklshxbkbqioxncifskfqh/Build/Products/Debug-iphoneos/libCocoaHTTPServer.a"; sourceTree = "<group>"; };
		270BCEDD162DDC370080E51D /* libCocoaLumberjack.a */ = {isa = PBXFileReference; lastKnownFileType = archive.ar; name = libCocoaLumberjack.a; path = "../../../../Library/Developer/Xcode/DerivedData/IntAirActImageIOS-ekqpyboklshxbkbqioxncifskfqh/Build/Products/Debug-iphoneos/libCocoaLumberjack.a"; sourceTree = "<group>"; };
		270BCEDE162DDC370080E51D /* libRestKit.a */ = {isa = PBXFileReference; lastKnownFileType = archive.ar; name = libRestKit.a; path = "../../../../Library/Developer/Xcode/DerivedData/IntAirActImageIOS-ekqpyboklshxbkbqioxncifskfqh/Build/Products/Debug-iphoneos/libRestKit.a"; sourceTree = "<group>"; };
		270BCEDF162DDC370080E51D /* libRestKit+Blocks.a */ = {isa = PBXFileReference; lastKnownFileType = archive.ar; name = "libRestKit+Blocks.a"; path = "../../../../Library/Developer/Xcode/DerivedData/IntAirActImageIOS-ekqpyboklshxbkbqioxncifskfqh/Build/Products/Debug-iphoneos/libRestKit+Blocks.a"; sourceTree = "<group>"; };
		270BCEE0162DDC370080E51D /* libRoutingHTTPServer.a */ = {isa = PBXFileReference; lastKnownFileType = archive.ar; name = libRoutingHTTPServer.a; path = "../../../../Library/Developer/Xcode/DerivedData/IntAirActImageIOS-ekqpyboklshxbkbqioxncifskfqh/Build/Products/Debug-iphoneos/libRoutingHTTPServer.a"; sourceTree = "<group>"; };
		270EAA8615462A5400880DFD /* CoreLocation.framework */ = {isa = PBXFileReference; lastKnownFileType = wrapper.framework; name = CoreLocation.framework; path = System/Library/Frameworks/CoreLocation.framework; sourceTree = SDKROOT; };
		273166001517BD14005439AE /* MobileCoreServices.framework */ = {isa = PBXFileReference; lastKnownFileType = wrapper.framework; name = MobileCoreServices.framework; path = System/Library/Frameworks/MobileCoreServices.framework; sourceTree = SDKROOT; };
		273166021517BD1F005439AE /* SystemConfiguration.framework */ = {isa = PBXFileReference; lastKnownFileType = wrapper.framework; name = SystemConfiguration.framework; path = System/Library/Frameworks/SystemConfiguration.framework; sourceTree = SDKROOT; };
		273166041517BD2F005439AE /* Security.framework */ = {isa = PBXFileReference; lastKnownFileType = wrapper.framework; name = Security.framework; path = System/Library/Frameworks/Security.framework; sourceTree = SDKROOT; };
		27442C37153CC65E0017C744 /* AssetsLibrary.framework */ = {isa = PBXFileReference; lastKnownFileType = wrapper.framework; name = AssetsLibrary.framework; path = System/Library/Frameworks/AssetsLibrary.framework; sourceTree = SDKROOT; };
		275F4459157A9AA0001BEB61 /* Icon-57.png */ = {isa = PBXFileReference; lastKnownFileType = image.png; path = "Icon-57.png"; sourceTree = "<group>"; };
		275F445B157A9AA8001BEB61 /* Icon-114.png */ = {isa = PBXFileReference; lastKnownFileType = image.png; path = "Icon-114.png"; sourceTree = "<group>"; };
		275F445D157A9AAC001BEB61 /* Icon-72.png */ = {isa = PBXFileReference; lastKnownFileType = image.png; path = "Icon-72.png"; sourceTree = "<group>"; };
		275F445F157A9AAE001BEB61 /* Icon-144.png */ = {isa = PBXFileReference; lastKnownFileType = image.png; path = "Icon-144.png"; sourceTree = "<group>"; };
		275F44FB157AA3DC001BEB61 /* Default.png */ = {isa = PBXFileReference; lastKnownFileType = image.png; path = Default.png; sourceTree = "<group>"; };
		275F44FD157AA3DE001BEB61 /* Default@2x.png */ = {isa = PBXFileReference; lastKnownFileType = image.png; path = "Default@2x.png"; sourceTree = "<group>"; };
		275F44FF157AA3E3001BEB61 /* Default-Portrait~ipad.png */ = {isa = PBXFileReference; lastKnownFileType = image.png; path = "Default-Portrait~ipad.png"; sourceTree = "<group>"; };
		275F4501157AA3E5001BEB61 /* Default-Portrait@2x~ipad.png */ = {isa = PBXFileReference; lastKnownFileType = image.png; path = "Default-Portrait@2x~ipad.png"; sourceTree = "<group>"; };
		275F4503157AA629001BEB61 /* Default-Landscape@2x~ipad.png */ = {isa = PBXFileReference; lastKnownFileType = image.png; path = "Default-Landscape@2x~ipad.png"; sourceTree = "<group>"; };
		275F4505157AA62B001BEB61 /* Default-Landscape~ipad.png */ = {isa = PBXFileReference; lastKnownFileType = image.png; path = "Default-Landscape~ipad.png"; sourceTree = "<group>"; };
		2779AAF11517A8B200AE4EE6 /* IntAirActImageIOS.app */ = {isa = PBXFileReference; explicitFileType = wrapper.application; includeInIndex = 0; path = IntAirActImageIOS.app; sourceTree = BUILT_PRODUCTS_DIR; };
		2779AAF51517A8B200AE4EE6 /* UIKit.framework */ = {isa = PBXFileReference; lastKnownFileType = wrapper.framework; name = UIKit.framework; path = System/Library/Frameworks/UIKit.framework; sourceTree = SDKROOT; };
		2779AAF71517A8B200AE4EE6 /* Foundation.framework */ = {isa = PBXFileReference; lastKnownFileType = wrapper.framework; name = Foundation.framework; path = System/Library/Frameworks/Foundation.framework; sourceTree = SDKROOT; };
		2779AAF91517A8B200AE4EE6 /* CoreGraphics.framework */ = {isa = PBXFileReference; lastKnownFileType = wrapper.framework; name = CoreGraphics.framework; path = System/Library/Frameworks/CoreGraphics.framework; sourceTree = SDKROOT; };
		2779AB161517A8B200AE4EE6 /* SenTestingKit.framework */ = {isa = PBXFileReference; lastKnownFileType = wrapper.framework; name = SenTestingKit.framework; path = Library/Frameworks/SenTestingKit.framework; sourceTree = DEVELOPER_DIR; };
		2779AB711517A9AE00AE4EE6 /* CFNetwork.framework */ = {isa = PBXFileReference; lastKnownFileType = wrapper.framework; name = CFNetwork.framework; path = System/Library/Frameworks/CFNetwork.framework; sourceTree = SDKROOT; };
		2779AB9B1517ACDE00AE4EE6 /* libxml2.dylib */ = {isa = PBXFileReference; lastKnownFileType = "compiled.mach-o.dylib"; name = libxml2.dylib; path = usr/lib/libxml2.dylib; sourceTree = SDKROOT; };
		2779AB9D1517ACE400AE4EE6 /* CoreData.framework */ = {isa = PBXFileReference; lastKnownFileType = wrapper.framework; name = CoreData.framework; path = System/Library/Frameworks/CoreData.framework; sourceTree = SDKROOT; };
		27884DFE157CFBC30079BF3F /* IAPhotoBrowser.h */ = {isa = PBXFileReference; fileEncoding = 4; lastKnownFileType = sourcecode.c.h; path = IAPhotoBrowser.h; sourceTree = "<group>"; };
		27884DFF157CFBC30079BF3F /* IAPhotoBrowser.m */ = {isa = PBXFileReference; fileEncoding = 4; lastKnownFileType = sourcecode.c.objc; path = IAPhotoBrowser.m; sourceTree = "<group>"; };
		279CCBC0155491B500AC22C1 /* IAServer.h */ = {isa = PBXFileReference; fileEncoding = 4; lastKnownFileType = sourcecode.c.h; path = IAServer.h; sourceTree = "<group>"; };
		279CCBC1155491B500AC22C1 /* IAServer.m */ = {isa = PBXFileReference; fileEncoding = 4; lastKnownFileType = sourcecode.c.objc; path = IAServer.m; sourceTree = "<group>"; };
		27BFC71E1550BB9B00799E34 /* IntAirAct.xcodeproj */ = {isa = PBXFileReference; lastKnownFileType = "wrapper.pb-project"; name = IntAirAct.xcodeproj; path = Frameworks/IntAirAct/IntAirAct.xcodeproj; sourceTree = "<group>"; };
		27C49AC81550CD0E0044F61B /* en */ = {isa = PBXFileReference; lastKnownFileType = text.plist.strings; name = en; path = en.lproj/InfoPlist.strings; sourceTree = "<group>"; };
		27C49ACA1550CD0E0044F61B /* en */ = {isa = PBXFileReference; lastKnownFileType = file.storyboard; name = en; path = en.lproj/MainStoryboard_iPad.storyboard; sourceTree = "<group>"; };
		27C49ACC1550CD0E0044F61B /* en */ = {isa = PBXFileReference; lastKnownFileType = file.storyboard; name = en; path = en.lproj/MainStoryboard_iPhone.storyboard; sourceTree = "<group>"; };
		27C49ACD1550CD0E0044F61B /* IAAppDelegate.h */ = {isa = PBXFileReference; fileEncoding = 4; lastKnownFileType = sourcecode.c.h; path = IAAppDelegate.h; sourceTree = "<group>"; };
		27C49ACE1550CD0E0044F61B /* IAAppDelegate.m */ = {isa = PBXFileReference; fileEncoding = 4; lastKnownFileType = sourcecode.c.objc; path = IAAppDelegate.m; sourceTree = "<group>"; };
		27C49ACF1550CD0E0044F61B /* IADeviceTableViewController.h */ = {isa = PBXFileReference; fileEncoding = 4; lastKnownFileType = sourcecode.c.h; path = IADeviceTableViewController.h; sourceTree = "<group>"; };
		27C49AD01550CD0E0044F61B /* IADeviceTableViewController.m */ = {isa = PBXFileReference; fileEncoding = 4; lastKnownFileType = sourcecode.c.objc; path = IADeviceTableViewController.m; sourceTree = "<group>"; };
		27C49AD11550CD0E0044F61B /* IAImage.h */ = {isa = PBXFileReference; fileEncoding = 4; lastKnownFileType = sourcecode.c.h; path = IAImage.h; sourceTree = "<group>"; };
		27C49AD21550CD0E0044F61B /* IAImage.m */ = {isa = PBXFileReference; fileEncoding = 4; lastKnownFileType = sourcecode.c.objc; path = IAImage.m; sourceTree = "<group>"; };
		27C49AD31550CD0E0044F61B /* IAImageClient.h */ = {isa = PBXFileReference; fileEncoding = 4; lastKnownFileType = sourcecode.c.h; path = IAImageClient.h; sourceTree = "<group>"; };
		27C49AD41550CD0E0044F61B /* IAImageClient.m */ = {isa = PBXFileReference; fileEncoding = 4; lastKnownFileType = sourcecode.c.objc; path = IAImageClient.m; sourceTree = "<group>"; };
		27C49ADB1550CD0E0044F61B /* IAImageTableViewController.h */ = {isa = PBXFileReference; fileEncoding = 4; lastKnownFileType = sourcecode.c.h; path = IAImageTableViewController.h; sourceTree = "<group>"; };
		27C49ADC1550CD0E0044F61B /* IAImageTableViewController.m */ = {isa = PBXFileReference; fileEncoding = 4; lastKnownFileType = sourcecode.c.objc; path = IAImageTableViewController.m; sourceTree = "<group>"; };
		27C49ADD1550CD0E0044F61B /* IAImageViewController.h */ = {isa = PBXFileReference; fileEncoding = 4; lastKnownFileType = sourcecode.c.h; path = IAImageViewController.h; sourceTree = "<group>"; };
		27C49ADE1550CD0E0044F61B /* IAImageViewController.m */ = {isa = PBXFileReference; fileEncoding = 4; lastKnownFileType = sourcecode.c.objc; path = IAImageViewController.m; sourceTree = "<group>"; };
		27C49ADF1550CD0E0044F61B /* IALocator.h */ = {isa = PBXFileReference; fileEncoding = 4; lastKnownFileType = sourcecode.c.h; path = IALocator.h; sourceTree = "<group>"; };
		27C49AE01550CD0E0044F61B /* IALocator.m */ = {isa = PBXFileReference; fileEncoding = 4; lastKnownFileType = sourcecode.c.objc; path = IALocator.m; sourceTree = "<group>"; };
		27C49AE11550CD0E0044F61B /* IASwipeGestureRecognizer.h */ = {isa = PBXFileReference; fileEncoding = 4; lastKnownFileType = sourcecode.c.h; path = IASwipeGestureRecognizer.h; sourceTree = "<group>"; };
		27C49AE21550CD0E0044F61B /* IASwipeGestureRecognizer.m */ = {isa = PBXFileReference; fileEncoding = 4; lastKnownFileType = sourcecode.c.objc; path = IASwipeGestureRecognizer.m; sourceTree = "<group>"; };
		27C49AE31550CD0E0044F61B /* IntAirActImageIOS-Info.plist */ = {isa = PBXFileReference; fileEncoding = 4; lastKnownFileType = text.plist.xml; path = "IntAirActImageIOS-Info.plist"; sourceTree = "<group>"; };
		27C49AE41550CD0E0044F61B /* IntAirActImageIOS-Prefix.pch */ = {isa = PBXFileReference; fileEncoding = 4; lastKnownFileType = sourcecode.c.h; path = "IntAirActImageIOS-Prefix.pch"; sourceTree = "<group>"; };
		27C49AE51550CD0E0044F61B /* main.m */ = {isa = PBXFileReference; fileEncoding = 4; lastKnownFileType = sourcecode.c.objc; path = main.m; sourceTree = "<group>"; };
		27E468071546353A009B342E /* CoreMotion.framework */ = {isa = PBXFileReference; lastKnownFileType = wrapper.framework; name = CoreMotion.framework; path = System/Library/Frameworks/CoreMotion.framework; sourceTree = SDKROOT; };
		27FCB5E3153CACD1004BBA84 /* QuartzCore.framework */ = {isa = PBXFileReference; lastKnownFileType = wrapper.framework; name = QuartzCore.framework; path = System/Library/Frameworks/QuartzCore.framework; sourceTree = SDKROOT; };
/* End PBXFileReference section */

/* Begin PBXFrameworksBuildPhase section */
		2779AAEE1517A8B200AE4EE6 /* Frameworks */ = {
			isa = PBXFrameworksBuildPhase;
			buildActionMask = 2147483647;
			files = (
				270BCEE1162DDC370080E51D /* libCocoaAsyncSocket.a in Frameworks */,
				270BCEE2162DDC370080E51D /* libCocoaHTTPServer.a in Frameworks */,
				270BCEE3162DDC370080E51D /* libCocoaLumberjack.a in Frameworks */,
				270BCEE4162DDC370080E51D /* libRestKit.a in Frameworks */,
				270BCEE5162DDC370080E51D /* libRestKit+Blocks.a in Frameworks */,
				270BCEE6162DDC370080E51D /* libRoutingHTTPServer.a in Frameworks */,
				2706F680157C02EA00C3A484 /* MapKit.framework in Frameworks */,
				2706F67E157C01B300C3A484 /* ImageIO.framework in Frameworks */,
				2706F67C157C01AC00C3A484 /* MessageUI.framework in Frameworks */,
				2706F678157C013500C3A484 /* libMWPhotoBrowser.a in Frameworks */,
				27442C38153CC65E0017C744 /* AssetsLibrary.framework in Frameworks */,
				2779AB721517A9AE00AE4EE6 /* CFNetwork.framework in Frameworks */,
				2779AB9E1517ACE400AE4EE6 /* CoreData.framework in Frameworks */,
				2779AAFA1517A8B200AE4EE6 /* CoreGraphics.framework in Frameworks */,
				270EAA8815462B4900880DFD /* CoreLocation.framework in Frameworks */,
				27E468081546353A009B342E /* CoreMotion.framework in Frameworks */,
				2779AAF81517A8B200AE4EE6 /* Foundation.framework in Frameworks */,
				27BFC74C1550BCF800799E34 /* libIntAirAct.a in Frameworks */,
				2779AB9C1517ACDE00AE4EE6 /* libxml2.dylib in Frameworks */,
				273166011517BD14005439AE /* MobileCoreServices.framework in Frameworks */,
				27FCB5E4153CACD1004BBA84 /* QuartzCore.framework in Frameworks */,
				273166051517BD2F005439AE /* Security.framework in Frameworks */,
				273166031517BD1F005439AE /* SystemConfiguration.framework in Frameworks */,
				2779AAF61517A8B200AE4EE6 /* UIKit.framework in Frameworks */,
			);
			runOnlyForDeploymentPostprocessing = 0;
		};
/* End PBXFrameworksBuildPhase section */

/* Begin PBXGroup section */
		2706F670157C00F100C3A484 /* Products */ = {
			isa = PBXGroup;
			children = (
				2706F677157C00F100C3A484 /* libMWPhotoBrowser.a */,
			);
			name = Products;
			sourceTree = "<group>";
		};
		2707EFD815561B8100F80BC8 /* Server */ = {
			isa = PBXGroup;
			children = (
				279CCBC0155491B500AC22C1 /* IAServer.h */,
				279CCBC1155491B500AC22C1 /* IAServer.m */,
			);
			name = Server;
			sourceTree = "<group>";
		};
		272DDD59157A823E00A4D5BC /* Resources */ = {
			isa = PBXGroup;
			children = (
				275F4505157AA62B001BEB61 /* Default-Landscape~ipad.png */,
				275F4503157AA629001BEB61 /* Default-Landscape@2x~ipad.png */,
				275F4501157AA3E5001BEB61 /* Default-Portrait@2x~ipad.png */,
				275F44FF157AA3E3001BEB61 /* Default-Portrait~ipad.png */,
				275F44FD157AA3DE001BEB61 /* Default@2x.png */,
				275F44FB157AA3DC001BEB61 /* Default.png */,
				275F445F157A9AAE001BEB61 /* Icon-144.png */,
				275F445D157A9AAC001BEB61 /* Icon-72.png */,
				275F445B157A9AA8001BEB61 /* Icon-114.png */,
				275F4459157A9AA0001BEB61 /* Icon-57.png */,
				2706F679157C016400C3A484 /* MWPhotoBrowser.bundle */,
			);
			name = Resources;
			sourceTree = "<group>";
		};
		2779AAE61517A8B200AE4EE6 = {
			isa = PBXGroup;
			children = (
				27C49AC61550CD0E0044F61B /* IntAirActImageIOS */,
				272DDD59157A823E00A4D5BC /* Resources */,
				2779AAF41517A8B200AE4EE6 /* Frameworks */,
				2779AAF21517A8B200AE4EE6 /* Products */,
			);
			sourceTree = "<group>";
		};
		2779AAF21517A8B200AE4EE6 /* Products */ = {
			isa = PBXGroup;
			children = (
				2779AAF11517A8B200AE4EE6 /* IntAirActImageIOS.app */,
			);
			name = Products;
			sourceTree = "<group>";
		};
		2779AAF41517A8B200AE4EE6 /* Frameworks */ = {
			isa = PBXGroup;
			children = (
				27BFC71E1550BB9B00799E34 /* IntAirAct.xcodeproj */,
				270BCEDB162DDC370080E51D /* libCocoaAsyncSocket.a */,
				270BCEDC162DDC370080E51D /* libCocoaHTTPServer.a */,
				270BCEDD162DDC370080E51D /* libCocoaLumberjack.a */,
				270BCEDE162DDC370080E51D /* libRestKit.a */,
				270BCEDF162DDC370080E51D /* libRestKit+Blocks.a */,
				270BCEE0162DDC370080E51D /* libRoutingHTTPServer.a */,
				2706F66F157C00F100C3A484 /* MWPhotoBrowser.xcodeproj */,
				27442C37153CC65E0017C744 /* AssetsLibrary.framework */,
				2779AB711517A9AE00AE4EE6 /* CFNetwork.framework */,
				2779AB9D1517ACE400AE4EE6 /* CoreData.framework */,
				2779AAF91517A8B200AE4EE6 /* CoreGraphics.framework */,
				270EAA8615462A5400880DFD /* CoreLocation.framework */,
				27E468071546353A009B342E /* CoreMotion.framework */,
				2779AAF71517A8B200AE4EE6 /* Foundation.framework */,
				2706F67D157C01B300C3A484 /* ImageIO.framework */,
				2779AB9B1517ACDE00AE4EE6 /* libxml2.dylib */,
				2706F67F157C02EA00C3A484 /* MapKit.framework */,
				2706F67B157C01AC00C3A484 /* MessageUI.framework */,
				273166001517BD14005439AE /* MobileCoreServices.framework */,
				27FCB5E3153CACD1004BBA84 /* QuartzCore.framework */,
				273166041517BD2F005439AE /* Security.framework */,
				2779AB161517A8B200AE4EE6 /* SenTestingKit.framework */,
				273166021517BD1F005439AE /* SystemConfiguration.framework */,
				2779AAF51517A8B200AE4EE6 /* UIKit.framework */,
			);
			name = Frameworks;
			sourceTree = "<group>";
		};
		27BFC71F1550BB9B00799E34 /* Products */ = {
			isa = PBXGroup;
			children = (
				27BFC72C1550BB9B00799E34 /* libIntAirAct.a */,
				27BFC72E1550BB9B00799E34 /* IntAirAct.framework */,
				27BFC7301550BB9B00799E34 /* IntAirActIOSTests.octest */,
				27BFC7321550BB9B00799E34 /* IntAirActOSXTests.octest */,
			);
			name = Products;
			sourceTree = "<group>";
		};
		27C49AC61550CD0E0044F61B /* IntAirActImageIOS */ = {
			isa = PBXGroup;
			children = (
				2707EFD815561B8100F80BC8 /* Server */,
				27C49AF71550CD280044F61B /* Client */,
				27C49AF91550CD4B0044F61B /* Model */,
				27C49AF61550CD190044F61B /* Supporting Files */,
				27C49ACD1550CD0E0044F61B /* IAAppDelegate.h */,
				27C49ACE1550CD0E0044F61B /* IAAppDelegate.m */,
			);
			path = IntAirActImageIOS;
			sourceTree = "<group>";
		};
		27C49AF61550CD190044F61B /* Supporting Files */ = {
			isa = PBXGroup;
			children = (
				27C49AC71550CD0E0044F61B /* InfoPlist.strings */,
				27C49AE31550CD0E0044F61B /* IntAirActImageIOS-Info.plist */,
				27C49AE41550CD0E0044F61B /* IntAirActImageIOS-Prefix.pch */,
				27C49AE51550CD0E0044F61B /* main.m */,
			);
			name = "Supporting Files";
			sourceTree = "<group>";
		};
		27C49AF71550CD280044F61B /* Client */ = {
			isa = PBXGroup;
			children = (
				27C49ACF1550CD0E0044F61B /* IADeviceTableViewController.h */,
				27C49AD01550CD0E0044F61B /* IADeviceTableViewController.m */,
				27C49AD31550CD0E0044F61B /* IAImageClient.h */,
				27C49AD41550CD0E0044F61B /* IAImageClient.m */,
				27C49ADB1550CD0E0044F61B /* IAImageTableViewController.h */,
				27C49ADC1550CD0E0044F61B /* IAImageTableViewController.m */,
				27C49ADD1550CD0E0044F61B /* IAImageViewController.h */,
				27C49ADE1550CD0E0044F61B /* IAImageViewController.m */,
				27C49ADF1550CD0E0044F61B /* IALocator.h */,
				27C49AE01550CD0E0044F61B /* IALocator.m */,
				27884DFE157CFBC30079BF3F /* IAPhotoBrowser.h */,
				27884DFF157CFBC30079BF3F /* IAPhotoBrowser.m */,
				27C49AE11550CD0E0044F61B /* IASwipeGestureRecognizer.h */,
				27C49AE21550CD0E0044F61B /* IASwipeGestureRecognizer.m */,
				27C49AC91550CD0E0044F61B /* MainStoryboard_iPad.storyboard */,
				27C49ACB1550CD0E0044F61B /* MainStoryboard_iPhone.storyboard */,
			);
			name = Client;
			sourceTree = "<group>";
		};
		27C49AF91550CD4B0044F61B /* Model */ = {
			isa = PBXGroup;
			children = (
				27C49AD11550CD0E0044F61B /* IAImage.h */,
				27C49AD21550CD0E0044F61B /* IAImage.m */,
			);
			name = Model;
			sourceTree = "<group>";
		};
/* End PBXGroup section */

/* Begin PBXNativeTarget section */
		2779AAF01517A8B200AE4EE6 /* IntAirActImageIOS */ = {
			isa = PBXNativeTarget;
			buildConfigurationList = 2779AB271517A8B200AE4EE6 /* Build configuration list for PBXNativeTarget "IntAirActImageIOS" */;
			buildPhases = (
				2779AAED1517A8B200AE4EE6 /* Sources */,
				2779AAEE1517A8B200AE4EE6 /* Frameworks */,
				2779AAEF1517A8B200AE4EE6 /* Resources */,
			);
			buildRules = (
			);
			dependencies = (
				27884E6F157D0BAF0079BF3F /* PBXTargetDependency */,
				27BFC7351550BBA700799E34 /* PBXTargetDependency */,
			);
			name = IntAirActImageIOS;
			productName = Interact;
			productReference = 2779AAF11517A8B200AE4EE6 /* IntAirActImageIOS.app */;
			productType = "com.apple.product-type.application";
		};
/* End PBXNativeTarget section */

/* Begin PBXProject section */
		2779AAE81517A8B200AE4EE6 /* Project object */ = {
			isa = PBXProject;
			attributes = {
				CLASSPREFIX = IA;
				LastUpgradeCheck = 0430;
				ORGANIZATIONNAME = "";
			};
			buildConfigurationList = 2779AAEB1517A8B200AE4EE6 /* Build configuration list for PBXProject "IntAirActImageIOS" */;
			compatibilityVersion = "Xcode 3.2";
			developmentRegion = English;
			hasScannedForEncodings = 0;
			knownRegions = (
				en,
			);
			mainGroup = 2779AAE61517A8B200AE4EE6;
			productRefGroup = 2779AAF21517A8B200AE4EE6 /* Products */;
			projectDirPath = "";
			projectReferences = (
				{
					ProductGroup = 27BFC71F1550BB9B00799E34 /* Products */;
					ProjectRef = 27BFC71E1550BB9B00799E34 /* IntAirAct.xcodeproj */;
				},
				{
					ProductGroup = 2706F670157C00F100C3A484 /* Products */;
					ProjectRef = 2706F66F157C00F100C3A484 /* MWPhotoBrowser.xcodeproj */;
				},
			);
			projectRoot = "";
			targets = (
				2779AAF01517A8B200AE4EE6 /* IntAirActImageIOS */,
			);
		};
/* End PBXProject section */

/* Begin PBXReferenceProxy section */
		2706F677157C00F100C3A484 /* libMWPhotoBrowser.a */ = {
			isa = PBXReferenceProxy;
			fileType = archive.ar;
			path = libMWPhotoBrowser.a;
			remoteRef = 2706F676157C00F100C3A484 /* PBXContainerItemProxy */;
			sourceTree = BUILT_PRODUCTS_DIR;
		};
		27BFC72C1550BB9B00799E34 /* libIntAirAct.a */ = {
			isa = PBXReferenceProxy;
			fileType = archive.ar;
			path = libIntAirAct.a;
			remoteRef = 27BFC72B1550BB9B00799E34 /* PBXContainerItemProxy */;
			sourceTree = BUILT_PRODUCTS_DIR;
		};
		27BFC72E1550BB9B00799E34 /* IntAirAct.framework */ = {
			isa = PBXReferenceProxy;
			fileType = wrapper.framework;
			path = IntAirAct.framework;
			remoteRef = 27BFC72D1550BB9B00799E34 /* PBXContainerItemProxy */;
			sourceTree = BUILT_PRODUCTS_DIR;
		};
		27BFC7301550BB9B00799E34 /* IntAirActIOSTests.octest */ = {
			isa = PBXReferenceProxy;
			fileType = wrapper.cfbundle;
			path = IntAirActIOSTests.octest;
			remoteRef = 27BFC72F1550BB9B00799E34 /* PBXContainerItemProxy */;
			sourceTree = BUILT_PRODUCTS_DIR;
		};
		27BFC7321550BB9B00799E34 /* IntAirActOSXTests.octest */ = {
			isa = PBXReferenceProxy;
			fileType = wrapper.cfbundle;
			path = IntAirActOSXTests.octest;
			remoteRef = 27BFC7311550BB9B00799E34 /* PBXContainerItemProxy */;
			sourceTree = BUILT_PRODUCTS_DIR;
		};
/* End PBXReferenceProxy section */

/* Begin PBXResourcesBuildPhase section */
		2779AAEF1517A8B200AE4EE6 /* Resources */ = {
			isa = PBXResourcesBuildPhase;
			buildActionMask = 2147483647;
			files = (
				2706F67A157C016400C3A484 /* MWPhotoBrowser.bundle in Resources */,
				27C49AE61550CD0E0044F61B /* InfoPlist.strings in Resources */,
				27C49AE71550CD0E0044F61B /* MainStoryboard_iPad.storyboard in Resources */,
				27C49AE81550CD0E0044F61B /* MainStoryboard_iPhone.storyboard in Resources */,
				275F445A157A9AA0001BEB61 /* Icon-57.png in Resources */,
				275F445C157A9AA8001BEB61 /* Icon-114.png in Resources */,
				275F445E157A9AAC001BEB61 /* Icon-72.png in Resources */,
				275F4460157A9AAE001BEB61 /* Icon-144.png in Resources */,
				275F44FC157AA3DC001BEB61 /* Default.png in Resources */,
				275F44FE157AA3DE001BEB61 /* Default@2x.png in Resources */,
				275F4500157AA3E3001BEB61 /* Default-Portrait~ipad.png in Resources */,
				275F4502157AA3E5001BEB61 /* Default-Portrait@2x~ipad.png in Resources */,
				275F4504157AA629001BEB61 /* Default-Landscape@2x~ipad.png in Resources */,
				275F4506157AA62B001BEB61 /* Default-Landscape~ipad.png in Resources */,
			);
			runOnlyForDeploymentPostprocessing = 0;
		};
/* End PBXResourcesBuildPhase section */

/* Begin PBXSourcesBuildPhase section */
		2779AAED1517A8B200AE4EE6 /* Sources */ = {
			isa = PBXSourcesBuildPhase;
			buildActionMask = 2147483647;
			files = (
				27C49AE91550CD0E0044F61B /* IAAppDelegate.m in Sources */,
				27C49AEA1550CD0E0044F61B /* IADeviceTableViewController.m in Sources */,
				27C49AEB1550CD0E0044F61B /* IAImage.m in Sources */,
				27C49AEC1550CD0E0044F61B /* IAImageClient.m in Sources */,
				27C49AF01550CD0E0044F61B /* IAImageTableViewController.m in Sources */,
				27C49AF11550CD0E0044F61B /* IAImageViewController.m in Sources */,
				27C49AF21550CD0E0044F61B /* IALocator.m in Sources */,
				27C49AF31550CD0E0044F61B /* IASwipeGestureRecognizer.m in Sources */,
				27C49AF51550CD0E0044F61B /* main.m in Sources */,
				279CCBC2155491B500AC22C1 /* IAServer.m in Sources */,
				27884E00157CFBC30079BF3F /* IAPhotoBrowser.m in Sources */,
			);
			runOnlyForDeploymentPostprocessing = 0;
		};
/* End PBXSourcesBuildPhase section */

/* Begin PBXTargetDependency section */
		27884E6F157D0BAF0079BF3F /* PBXTargetDependency */ = {
			isa = PBXTargetDependency;
			name = MWPhotoBrowser;
			targetProxy = 27884E6E157D0BAF0079BF3F /* PBXContainerItemProxy */;
		};
		27BFC7351550BBA700799E34 /* PBXTargetDependency */ = {
			isa = PBXTargetDependency;
			name = IntAirActStaticIOS;
			targetProxy = 27BFC7341550BBA700799E34 /* PBXContainerItemProxy */;
		};
/* End PBXTargetDependency section */

/* Begin PBXVariantGroup section */
		27C49AC71550CD0E0044F61B /* InfoPlist.strings */ = {
			isa = PBXVariantGroup;
			children = (
				27C49AC81550CD0E0044F61B /* en */,
			);
			name = InfoPlist.strings;
			sourceTree = "<group>";
		};
		27C49AC91550CD0E0044F61B /* MainStoryboard_iPad.storyboard */ = {
			isa = PBXVariantGroup;
			children = (
				27C49ACA1550CD0E0044F61B /* en */,
			);
			name = MainStoryboard_iPad.storyboard;
			sourceTree = "<group>";
		};
		27C49ACB1550CD0E0044F61B /* MainStoryboard_iPhone.storyboard */ = {
			isa = PBXVariantGroup;
			children = (
				27C49ACC1550CD0E0044F61B /* en */,
			);
			name = MainStoryboard_iPhone.storyboard;
			sourceTree = "<group>";
		};
/* End PBXVariantGroup section */

/* Begin XCBuildConfiguration section */
		2779AB251517A8B200AE4EE6 /* Debug */ = {
			isa = XCBuildConfiguration;
			buildSettings = {
				ALWAYS_SEARCH_USER_PATHS = NO;
				ARCHS = "$(ARCHS_STANDARD_32_BIT)";
				CLANG_ENABLE_OBJC_ARC = YES;
				"CODE_SIGN_IDENTITY[sdk=iphoneos*]" = "iPhone Developer";
				COPY_PHASE_STRIP = NO;
				GCC_C_LANGUAGE_STANDARD = gnu99;
				GCC_DYNAMIC_NO_PIC = NO;
				GCC_OPTIMIZATION_LEVEL = 0;
				GCC_PREPROCESSOR_DEFINITIONS = (
					"DEBUG=1",
					"$(inherited)",
				);
				GCC_SYMBOLS_PRIVATE_EXTERN = NO;
				GCC_VERSION = com.apple.compilers.llvm.clang.1_0;
				GCC_WARN_ABOUT_RETURN_TYPE = YES;
				GCC_WARN_UNINITIALIZED_AUTOS = YES;
				GCC_WARN_UNUSED_VARIABLE = YES;
				IPHONEOS_DEPLOYMENT_TARGET = 5.1;
				SDKROOT = iphoneos;
				TARGETED_DEVICE_FAMILY = "1,2";
			};
			name = Debug;
		};
		2779AB261517A8B200AE4EE6 /* Release */ = {
			isa = XCBuildConfiguration;
			buildSettings = {
				ALWAYS_SEARCH_USER_PATHS = NO;
				ARCHS = "$(ARCHS_STANDARD_32_BIT)";
				CLANG_ENABLE_OBJC_ARC = YES;
				"CODE_SIGN_IDENTITY[sdk=iphoneos*]" = "iPhone Developer";
				COPY_PHASE_STRIP = YES;
				GCC_C_LANGUAGE_STANDARD = gnu99;
				GCC_VERSION = com.apple.compilers.llvm.clang.1_0;
				GCC_WARN_ABOUT_RETURN_TYPE = YES;
				GCC_WARN_UNINITIALIZED_AUTOS = YES;
				GCC_WARN_UNUSED_VARIABLE = YES;
				IPHONEOS_DEPLOYMENT_TARGET = 5.1;
				OTHER_CFLAGS = "-DNS_BLOCK_ASSERTIONS=1";
				SDKROOT = iphoneos;
				TARGETED_DEVICE_FAMILY = "1,2";
				VALIDATE_PRODUCT = YES;
			};
			name = Release;
		};
		2779AB281517A8B200AE4EE6 /* Debug */ = {
			isa = XCBuildConfiguration;
			buildSettings = {
				FRAMEWORK_SEARCH_PATHS = (
					"$(inherited)",
					"\"$(SRCROOT)/Frameworks\"",
				);
				GCC_PRECOMPILE_PREFIX_HEADER = YES;
				GCC_PREFIX_HEADER = "IntAirActImageIOS/IntAirActImageIOS-Prefix.pch";
				INFOPLIST_FILE = "IntAirActImageIOS/IntAirActImageIOS-Info.plist";
				IPHONEOS_DEPLOYMENT_TARGET = 5.0;
				LIBRARY_SEARCH_PATHS = (
					"$(inherited)",
					"\"$(SRCROOT)/../../../../Library/Developer/Xcode/DerivedData/IntAirActImageIOS-ekqpyboklshxbkbqioxncifskfqh/Build/Products/Debug-iphoneos\"",
				);
				OTHER_LDFLAGS = "-ObjC";
				PRODUCT_NAME = IntAirActImageIOS;
				WRAPPER_EXTENSION = app;
			};
			name = Debug;
		};
		2779AB291517A8B200AE4EE6 /* Release */ = {
			isa = XCBuildConfiguration;
			buildSettings = {
				FRAMEWORK_SEARCH_PATHS = (
					"$(inherited)",
					"\"$(SRCROOT)/Frameworks\"",
				);
				GCC_PRECOMPILE_PREFIX_HEADER = YES;
				GCC_PREFIX_HEADER = "IntAirActImageIOS/IntAirActImageIOS-Prefix.pch";
				INFOPLIST_FILE = "IntAirActImageIOS/IntAirActImageIOS-Info.plist";
				IPHONEOS_DEPLOYMENT_TARGET = 5.0;
				LIBRARY_SEARCH_PATHS = (
					"$(inherited)",
					"\"$(SRCROOT)/../../../../Library/Developer/Xcode/DerivedData/IntAirActImageIOS-ekqpyboklshxbkbqioxncifskfqh/Build/Products/Debug-iphoneos\"",
				);
				OTHER_LDFLAGS = "-ObjC";
				PRODUCT_NAME = IntAirActImageIOS;
				WRAPPER_EXTENSION = app;
			};
			name = Release;
		};
/* End XCBuildConfiguration section */

/* Begin XCConfigurationList section */
		2779AAEB1517A8B200AE4EE6 /* Build configuration list for PBXProject "IntAirActImageIOS" */ = {
			isa = XCConfigurationList;
			buildConfigurations = (
				2779AB251517A8B200AE4EE6 /* Debug */,
				2779AB261517A8B200AE4EE6 /* Release */,
			);
			defaultConfigurationIsVisible = 0;
			defaultConfigurationName = Release;
		};
		2779AB271517A8B200AE4EE6 /* Build configuration list for PBXNativeTarget "IntAirActImageIOS" */ = {
			isa = XCConfigurationList;
			buildConfigurations = (
				2779AB281517A8B200AE4EE6 /* Debug */,
				2779AB291517A8B200AE4EE6 /* Release */,
			);
			defaultConfigurationIsVisible = 0;
			defaultConfigurationName = Release;
		};
/* End XCConfigurationList section */
	};
	rootObject = 2779AAE81517A8B200AE4EE6 /* Project object */;
}
